// !$*UTF8*$!
{
	archiveVersion = 1;
	classes = {
	};
	objectVersion = 46;
	objects = {

/* Begin PBXBuildFile section */
		910A47B69A1567E343B07BBA /* libPods.a in Frameworks */ = {isa = PBXBuildFile; fileRef = CED861E3D3BFEC02B43E08BE /* libPods.a */; };
		B28608DC1B45A7540043DBA4 /* LoginViewController.m in Sources */ = {isa = PBXBuildFile; fileRef = B28608DB1B45A7540043DBA4 /* LoginViewController.m */; };
		B28608DF1B45C2A40043DBA4 /* TripsTableViewController.m in Sources */ = {isa = PBXBuildFile; fileRef = B28608DE1B45C2A40043DBA4 /* TripsTableViewController.m */; };
		B28608E21B45DED80043DBA4 /* TripTableViewCell.m in Sources */ = {isa = PBXBuildFile; fileRef = B28608E11B45DED80043DBA4 /* TripTableViewCell.m */; };
		B28608E41B45E2D20043DBA4 /* MapKit.framework in Frameworks */ = {isa = PBXBuildFile; fileRef = B28608E31B45E2D20043DBA4 /* MapKit.framework */; };
		B28608E71B45E4950043DBA4 /* VehicleViewController.m in Sources */ = {isa = PBXBuildFile; fileRef = B28608E61B45E4950043DBA4 /* VehicleViewController.m */; };
		B2ADF44B1B472AA700159107 /* CrumbPath.m in Sources */ = {isa = PBXBuildFile; fileRef = B2ADF4481B472AA700159107 /* CrumbPath.m */; };
		B2ADF44C1B472AA700159107 /* CrumbPathRenderer.m in Sources */ = {isa = PBXBuildFile; fileRef = B2ADF44A1B472AA700159107 /* CrumbPathRenderer.m */; };
		B2D797471B44AB54008BF430 /* main.m in Sources */ = {isa = PBXBuildFile; fileRef = B2D797461B44AB54008BF430 /* main.m */; };
		B2D7974A1B44AB54008BF430 /* AppDelegate.m in Sources */ = {isa = PBXBuildFile; fileRef = B2D797491B44AB54008BF430 /* AppDelegate.m */; };
		B2D797501B44AB54008BF430 /* Main.storyboard in Resources */ = {isa = PBXBuildFile; fileRef = B2D7974E1B44AB54008BF430 /* Main.storyboard */; };
		B2D797521B44AB54008BF430 /* Images.xcassets in Resources */ = {isa = PBXBuildFile; fileRef = B2D797511B44AB54008BF430 /* Images.xcassets */; };
		B2D797551B44AB54008BF430 /* LaunchScreen.xib in Resources */ = {isa = PBXBuildFile; fileRef = B2D797531B44AB54008BF430 /* LaunchScreen.xib */; };
		B2D797611B44AB54008BF430 /* myFirstMojioAppTests.m in Sources */ = {isa = PBXBuildFile; fileRef = B2D797601B44AB54008BF430 /* myFirstMojioAppTests.m */; };
		B2D798231B44AB8B008BF430 /* Accelerometer.m in Sources */ = {isa = PBXBuildFile; fileRef = B2D7976D1B44AB8B008BF430 /* Accelerometer.m */; };
		B2D798241B44AB8B008BF430 /* Address.m in Sources */ = {isa = PBXBuildFile; fileRef = B2D7976F1B44AB8B008BF430 /* Address.m */; };
		B2D798251B44AB8B008BF430 /* App.m in Sources */ = {isa = PBXBuildFile; fileRef = B2D797711B44AB8B008BF430 /* App.m */; };
		B2D798261B44AB8B008BF430 /* AuthenticationProvider.m in Sources */ = {isa = PBXBuildFile; fileRef = B2D797731B44AB8B008BF430 /* AuthenticationProvider.m */; };
		B2D798271B44AB8B008BF430 /* CarState.m in Sources */ = {isa = PBXBuildFile; fileRef = B2D797751B44AB8B008BF430 /* CarState.m */; };
		B2D798281B44AB8B008BF430 /* Developer.m in Sources */ = {isa = PBXBuildFile; fileRef = B2D797771B44AB8B008BF430 /* Developer.m */; };
		B2D798291B44AB8B008BF430 /* DiagnosticCodes.m in Sources */ = {isa = PBXBuildFile; fileRef = B2D797791B44AB8B008BF430 /* DiagnosticCodes.m */; };
		B2D7982A1B44AB8B008BF430 /* DTC.m in Sources */ = {isa = PBXBuildFile; fileRef = B2D7977B1B44AB8B008BF430 /* DTC.m */; };
		B2D7982B1B44AB8B008BF430 /* Engine.m in Sources */ = {isa = PBXBuildFile; fileRef = B2D7977D1B44AB8B008BF430 /* Engine.m */; };
		B2D7982C1B44AB8B008BF430 /* Entity.m in Sources */ = {isa = PBXBuildFile; fileRef = B2D7977F1B44AB8B008BF430 /* Entity.m */; };
		B2D7982D1B44AB8B008BF430 /* Event.m in Sources */ = {isa = PBXBuildFile; fileRef = B2D797811B44AB8B008BF430 /* Event.m */; };
		B2D7982E1B44AB8B008BF430 /* EventBroadcast.m in Sources */ = {isa = PBXBuildFile; fileRef = B2D797831B44AB8B008BF430 /* EventBroadcast.m */; };
		B2D7982F1B44AB8B008BF430 /* ImageSize.m in Sources */ = {isa = PBXBuildFile; fileRef = B2D797851B44AB8B008BF430 /* ImageSize.m */; };
		B2D798301B44AB8B008BF430 /* Invoice.m in Sources */ = {isa = PBXBuildFile; fileRef = B2D797871B44AB8B008BF430 /* Invoice.m */; };
		B2D798311B44AB8B008BF430 /* Location.m in Sources */ = {isa = PBXBuildFile; fileRef = B2D797891B44AB8B008BF430 /* Location.m */; };
		B2D798321B44AB8B008BF430 /* Mojio.m in Sources */ = {isa = PBXBuildFile; fileRef = B2D7978B1B44AB8B008BF430 /* Mojio.m */; };
		B2D798331B44AB8B008BF430 /* MojioResponse.m in Sources */ = {isa = PBXBuildFile; fileRef = B2D7978D1B44AB8B008BF430 /* MojioResponse.m */; };
		B2D798341B44AB8B008BF430 /* Product.m in Sources */ = {isa = PBXBuildFile; fileRef = B2D7978F1B44AB8B008BF430 /* Product.m */; };
		B2D798351B44AB8B008BF430 /* Recall.m in Sources */ = {isa = PBXBuildFile; fileRef = B2D797911B44AB8B008BF430 /* Recall.m */; };
		B2D798361B44AB8B008BF430 /* Register.m in Sources */ = {isa = PBXBuildFile; fileRef = B2D797931B44AB8B008BF430 /* Register.m */; };
		B2D798371B44AB8B008BF430 /* ServiceBulletin.m in Sources */ = {isa = PBXBuildFile; fileRef = B2D797951B44AB8B008BF430 /* ServiceBulletin.m */; };
		B2D798381B44AB8B008BF430 /* Storage.m in Sources */ = {isa = PBXBuildFile; fileRef = B2D797971B44AB8B008BF430 /* Storage.m */; };
		B2D798391B44AB8B008BF430 /* Token.m in Sources */ = {isa = PBXBuildFile; fileRef = B2D797991B44AB8B008BF430 /* Token.m */; };
		B2D7983A1B44AB8B008BF430 /* Transmission.m in Sources */ = {isa = PBXBuildFile; fileRef = B2D7979B1B44AB8B008BF430 /* Transmission.m */; };
		B2D7983B1B44AB8B008BF430 /* Trip.m in Sources */ = {isa = PBXBuildFile; fileRef = B2D7979D1B44AB8B008BF430 /* Trip.m */; };
		B2D7983C1B44AB8B008BF430 /* User.m in Sources */ = {isa = PBXBuildFile; fileRef = B2D7979F1B44AB8B008BF430 /* User.m */; };
		B2D7983D1B44AB8B008BF430 /* Vehicle.m in Sources */ = {isa = PBXBuildFile; fileRef = B2D797A11B44AB8B008BF430 /* Vehicle.m */; };
		B2D7983E1B44AB8B008BF430 /* VehicleDetails.m in Sources */ = {isa = PBXBuildFile; fileRef = B2D797A31B44AB8B008BF430 /* VehicleDetails.m */; };
		B2D7983F1B44AB8B008BF430 /* Warranty.m in Sources */ = {isa = PBXBuildFile; fileRef = B2D797A51B44AB8B008BF430 /* Warranty.m */; };
		B2D798401B44AB8B008BF430 /* MojioClient.m in Sources */ = {isa = PBXBuildFile; fileRef = B2D797A71B44AB8B008BF430 /* MojioClient.m */; };
		B2D798411B44AB8B008BF430 /* AccelerationObserver.m in Sources */ = {isa = PBXBuildFile; fileRef = B2D797AB1B44AB8B008BF430 /* AccelerationObserver.m */; };
		B2D798421B44AB8B008BF430 /* AccelerometerObserver.m in Sources */ = {isa = PBXBuildFile; fileRef = B2D797AD1B44AB8B008BF430 /* AccelerometerObserver.m */; };
		B2D798431B44AB8B008BF430 /* AltitudeObserver.m in Sources */ = {isa = PBXBuildFile; fileRef = B2D797AF1B44AB8B008BF430 /* AltitudeObserver.m */; };
		B2D798441B44AB8B008BF430 /* BatteryVoltageObserver.m in Sources */ = {isa = PBXBuildFile; fileRef = B2D797B11B44AB8B008BF430 /* BatteryVoltageObserver.m */; };
		B2D798451B44AB8B008BF430 /* ConditionalObserver.m in Sources */ = {isa = PBXBuildFile; fileRef = B2D797B31B44AB8B008BF430 /* ConditionalObserver.m */; };
		B2D798461B44AB8B008BF430 /* ConditionalObserverBase.m in Sources */ = {isa = PBXBuildFile; fileRef = B2D797B51B44AB8B008BF430 /* ConditionalObserverBase.m */; };
		B2D798471B44AB8B008BF430 /* DiagnosticCodeObserver.m in Sources */ = {isa = PBXBuildFile; fileRef = B2D797B71B44AB8B008BF430 /* DiagnosticCodeObserver.m */; };
		B2D798481B44AB8B008BF430 /* DistanceObserver.m in Sources */ = {isa = PBXBuildFile; fileRef = B2D797B91B44AB8B008BF430 /* DistanceObserver.m */; };
		B2D798491B44AB8B008BF430 /* EventObserver.m in Sources */ = {isa = PBXBuildFile; fileRef = B2D797BB1B44AB8B008BF430 /* EventObserver.m */; };
		B2D7984A1B44AB8B008BF430 /* FuelLevelObserver.m in Sources */ = {isa = PBXBuildFile; fileRef = B2D797BD1B44AB8B008BF430 /* FuelLevelObserver.m */; };
		B2D7984B1B44AB8B008BF430 /* GeoFenceObserver.m in Sources */ = {isa = PBXBuildFile; fileRef = B2D797BF1B44AB8B008BF430 /* GeoFenceObserver.m */; };
		B2D7984C1B44AB8B008BF430 /* HeadingObserver.m in Sources */ = {isa = PBXBuildFile; fileRef = B2D797C11B44AB8B008BF430 /* HeadingObserver.m */; };
		B2D7984D1B44AB8B008BF430 /* ObservableAttribute.m in Sources */ = {isa = PBXBuildFile; fileRef = B2D797C31B44AB8B008BF430 /* ObservableAttribute.m */; };
		B2D7984E1B44AB8B008BF430 /* Observer.m in Sources */ = {isa = PBXBuildFile; fileRef = B2D797C51B44AB8B008BF430 /* Observer.m */; };
		B2D7984F1B44AB8B008BF430 /* ObserverToken.m in Sources */ = {isa = PBXBuildFile; fileRef = B2D797C71B44AB8B008BF430 /* ObserverToken.m */; };
		B2D798501B44AB8B008BF430 /* ObserverType.m in Sources */ = {isa = PBXBuildFile; fileRef = B2D797C91B44AB8B008BF430 /* ObserverType.m */; };
		B2D798511B44AB8B008BF430 /* OdometerObserver.m in Sources */ = {isa = PBXBuildFile; fileRef = B2D797CB1B44AB8B008BF430 /* OdometerObserver.m */; };
		B2D798521B44AB8B008BF430 /* RPMObserver.m in Sources */ = {isa = PBXBuildFile; fileRef = B2D797CD1B44AB8B008BF430 /* RPMObserver.m */; };
		B2D798531B44AB8B008BF430 /* ScriptObserver.m in Sources */ = {isa = PBXBuildFile; fileRef = B2D797CF1B44AB8B008BF430 /* ScriptObserver.m */; };
		B2D798541B44AB8B008BF430 /* SmoothChunkingMojioObserver.m in Sources */ = {isa = PBXBuildFile; fileRef = B2D797D11B44AB8B008BF430 /* SmoothChunkingMojioObserver.m */; };
		B2D798551B44AB8B008BF430 /* SmoothMojioObserver.m in Sources */ = {isa = PBXBuildFile; fileRef = B2D797D31B44AB8B008BF430 /* SmoothMojioObserver.m */; };
		B2D798561B44AB8B008BF430 /* SmoothObserverBase.m in Sources */ = {isa = PBXBuildFile; fileRef = B2D797D51B44AB8B008BF430 /* SmoothObserverBase.m */; };
		B2D798571B44AB8B008BF430 /* SmoothTripObserver.m in Sources */ = {isa = PBXBuildFile; fileRef = B2D797D71B44AB8B008BF430 /* SmoothTripObserver.m */; };
		B2D798581B44AB8B008BF430 /* SmoothVehicleObserver.m in Sources */ = {isa = PBXBuildFile; fileRef = B2D797D91B44AB8B008BF430 /* SmoothVehicleObserver.m */; };
		B2D798591B44AB8B008BF430 /* SpeedObserver.m in Sources */ = {isa = PBXBuildFile; fileRef = B2D797DB1B44AB8B008BF430 /* SpeedObserver.m */; };
		B2D7985A1B44AB8B008BF430 /* SRHubConnection.m in Sources */ = {isa = PBXBuildFile; fileRef = B2D797DF1B44AB8B008BF430 /* SRHubConnection.m */; };
		B2D7985B1B44AB8B008BF430 /* SRHubInvocation.m in Sources */ = {isa = PBXBuildFile; fileRef = B2D797E21B44AB8B008BF430 /* SRHubInvocation.m */; };
		B2D7985C1B44AB8B008BF430 /* SRHubProxy.m in Sources */ = {isa = PBXBuildFile; fileRef = B2D797E41B44AB8B008BF430 /* SRHubProxy.m */; };
		B2D7985D1B44AB8B008BF430 /* SRHubProxyExtensions.m in Sources */ = {isa = PBXBuildFile; fileRef = B2D797E61B44AB8B008BF430 /* SRHubProxyExtensions.m */; };
		B2D7985E1B44AB8B008BF430 /* SRHubRegistrationData.m in Sources */ = {isa = PBXBuildFile; fileRef = B2D797E91B44AB8B008BF430 /* SRHubRegistrationData.m */; };
		B2D7985F1B44AB8B008BF430 /* SRHubResult.m in Sources */ = {isa = PBXBuildFile; fileRef = B2D797EB1B44AB8B008BF430 /* SRHubResult.m */; };
		B2D798601B44AB8B008BF430 /* SRHubservable.m in Sources */ = {isa = PBXBuildFile; fileRef = B2D797EE1B44AB8B008BF430 /* SRHubservable.m */; };
		B2D798611B44AB8B008BF430 /* SRSubscription.m in Sources */ = {isa = PBXBuildFile; fileRef = B2D797F01B44AB8B008BF430 /* SRSubscription.m */; };
		B2D798621B44AB8B008BF430 /* NSObject+SRJSON.m in Sources */ = {isa = PBXBuildFile; fileRef = B2D797F31B44AB8B008BF430 /* NSObject+SRJSON.m */; };
		B2D798631B44AB8B008BF430 /* SRExceptionHelper.m in Sources */ = {isa = PBXBuildFile; fileRef = B2D797F61B44AB8B008BF430 /* SRExceptionHelper.m */; };
		B2D798641B44AB8B008BF430 /* SRVersion.m in Sources */ = {isa = PBXBuildFile; fileRef = B2D797F91B44AB8B008BF430 /* SRVersion.m */; };
		B2D798651B44AB8B008BF430 /* SRConnection.m in Sources */ = {isa = PBXBuildFile; fileRef = B2D797FC1B44AB8B008BF430 /* SRConnection.m */; };
		B2D798661B44AB8B008BF430 /* SRConnectionExtensions.m in Sources */ = {isa = PBXBuildFile; fileRef = B2D797FF1B44AB8B008BF430 /* SRConnectionExtensions.m */; };
		B2D798671B44AB8B008BF430 /* SRHeartbeatMonitor.m in Sources */ = {isa = PBXBuildFile; fileRef = B2D798031B44AB8B008BF430 /* SRHeartbeatMonitor.m */; };
		B2D798681B44AB8B008BF430 /* SRKeepAliveData.m in Sources */ = {isa = PBXBuildFile; fileRef = B2D798051B44AB8B008BF430 /* SRKeepAliveData.m */; };
		B2D798691B44AB8B008BF430 /* SRNegotiationResponse.m in Sources */ = {isa = PBXBuildFile; fileRef = B2D798081B44AB8B008BF430 /* SRNegotiationResponse.m */; };
		B2D7986A1B44AB8B008BF430 /* SRChunkBuffer.m in Sources */ = {isa = PBXBuildFile; fileRef = B2D7980C1B44AB8B008BF430 /* SRChunkBuffer.m */; };
		B2D7986B1B44AB8B008BF430 /* SREventSourceStreamReader.m in Sources */ = {isa = PBXBuildFile; fileRef = B2D7980E1B44AB8B008BF430 /* SREventSourceStreamReader.m */; };
		B2D7986C1B44AB8B008BF430 /* SRServerSentEvent.m in Sources */ = {isa = PBXBuildFile; fileRef = B2D798101B44AB8B008BF430 /* SRServerSentEvent.m */; };
		B2D7986D1B44AB8B008BF430 /* SRAutoTransport.m in Sources */ = {isa = PBXBuildFile; fileRef = B2D798121B44AB8B008BF430 /* SRAutoTransport.m */; };
		B2D7986E1B44AB8B008BF430 /* SRHttpBasedTransport.m in Sources */ = {isa = PBXBuildFile; fileRef = B2D798151B44AB8B008BF430 /* SRHttpBasedTransport.m */; };
		B2D7986F1B44AB8B008BF430 /* SRLongPollingTransport.m in Sources */ = {isa = PBXBuildFile; fileRef = B2D798171B44AB8B008BF430 /* SRLongPollingTransport.m */; };
		B2D798701B44AB8B008BF430 /* SRServerSentEventsTransport.m in Sources */ = {isa = PBXBuildFile; fileRef = B2D798191B44AB8B008BF430 /* SRServerSentEventsTransport.m */; };
		B2D798711B44AB8B008BF430 /* SRWebSocketTransport.m in Sources */ = {isa = PBXBuildFile; fileRef = B2D7981B1B44AB8B008BF430 /* SRWebSocketTransport.m */; };
		B2D798721B44AB8B008BF430 /* SRWebSocketConnectionInfo.m in Sources */ = {isa = PBXBuildFile; fileRef = B2D7981E1B44AB8B008BF430 /* SRWebSocketConnectionInfo.m */; };
		B2D798731B44AB8B008BF430 /* SRWebSocket.m in Sources */ = {isa = PBXBuildFile; fileRef = B2D798221B44AB8B008BF430 /* SRWebSocket.m */; };
		B2D798751B44AC71008BF430 /* libicucore.dylib in Frameworks */ = {isa = PBXBuildFile; fileRef = B2D798741B44AC71008BF430 /* libicucore.dylib */; };
		B2D798771B44AC7A008BF430 /* Security.framework in Frameworks */ = {isa = PBXBuildFile; fileRef = B2D798761B44AC7A008BF430 /* Security.framework */; };
		B2D798791B44AC80008BF430 /* Foundation.framework in Frameworks */ = {isa = PBXBuildFile; fileRef = B2D798781B44AC80008BF430 /* Foundation.framework */; };
		B2D7987B1B44AC8D008BF430 /* CFNetwork.framework in Frameworks */ = {isa = PBXBuildFile; fileRef = B2D7987A1B44AC8D008BF430 /* CFNetwork.framework */; };
		B2D798811B44B43A008BF430 /* Trips.storyboard in Resources */ = {isa = PBXBuildFile; fileRef = B2D798801B44B43A008BF430 /* Trips.storyboard */; };
		B2D798851B44F04F008BF430 /* MyFirstMojioAppManager.m in Sources */ = {isa = PBXBuildFile; fileRef = B2D798841B44F04F008BF430 /* MyFirstMojioAppManager.m */; };
		B2FA1EB41B45A46100DF87F8 /* Login.storyboard in Resources */ = {isa = PBXBuildFile; fileRef = B2FA1EB31B45A46100DF87F8 /* Login.storyboard */; };
/* End PBXBuildFile section */

/* Begin PBXContainerItemProxy section */
		B2D7975B1B44AB54008BF430 /* PBXContainerItemProxy */ = {
			isa = PBXContainerItemProxy;
			containerPortal = B2D797391B44AB54008BF430 /* Project object */;
			proxyType = 1;
			remoteGlobalIDString = B2D797401B44AB54008BF430;
			remoteInfo = myFirstMojioApp;
		};
/* End PBXContainerItemProxy section */

/* Begin PBXFileReference section */
		0266528393B6FC270FA531E7 /* Pods.debug.xcconfig */ = {isa = PBXFileReference; includeInIndex = 1; lastKnownFileType = text.xcconfig; name = Pods.debug.xcconfig; path = "Pods/Target Support Files/Pods/Pods.debug.xcconfig"; sourceTree = "<group>"; };
		1B8FF052DF3148DC8DF64F1A /* Pods.release.xcconfig */ = {isa = PBXFileReference; includeInIndex = 1; lastKnownFileType = text.xcconfig; name = Pods.release.xcconfig; path = "Pods/Target Support Files/Pods/Pods.release.xcconfig"; sourceTree = "<group>"; };
		B28608DA1B45A7540043DBA4 /* LoginViewController.h */ = {isa = PBXFileReference; fileEncoding = 4; lastKnownFileType = sourcecode.c.h; path = LoginViewController.h; sourceTree = "<group>"; };
		B28608DB1B45A7540043DBA4 /* LoginViewController.m */ = {isa = PBXFileReference; fileEncoding = 4; lastKnownFileType = sourcecode.c.objc; path = LoginViewController.m; sourceTree = "<group>"; };
		B28608DD1B45C2A40043DBA4 /* TripsTableViewController.h */ = {isa = PBXFileReference; fileEncoding = 4; lastKnownFileType = sourcecode.c.h; path = TripsTableViewController.h; sourceTree = "<group>"; };
		B28608DE1B45C2A40043DBA4 /* TripsTableViewController.m */ = {isa = PBXFileReference; fileEncoding = 4; lastKnownFileType = sourcecode.c.objc; path = TripsTableViewController.m; sourceTree = "<group>"; };
		B28608E01B45DED80043DBA4 /* TripTableViewCell.h */ = {isa = PBXFileReference; fileEncoding = 4; lastKnownFileType = sourcecode.c.h; path = TripTableViewCell.h; sourceTree = "<group>"; };
		B28608E11B45DED80043DBA4 /* TripTableViewCell.m */ = {isa = PBXFileReference; fileEncoding = 4; lastKnownFileType = sourcecode.c.objc; path = TripTableViewCell.m; sourceTree = "<group>"; };
		B28608E31B45E2D20043DBA4 /* MapKit.framework */ = {isa = PBXFileReference; lastKnownFileType = wrapper.framework; name = MapKit.framework; path = System/Library/Frameworks/MapKit.framework; sourceTree = SDKROOT; };
		B28608E51B45E4950043DBA4 /* VehicleViewController.h */ = {isa = PBXFileReference; fileEncoding = 4; lastKnownFileType = sourcecode.c.h; path = VehicleViewController.h; sourceTree = "<group>"; };
		B28608E61B45E4950043DBA4 /* VehicleViewController.m */ = {isa = PBXFileReference; fileEncoding = 4; lastKnownFileType = sourcecode.c.objc; path = VehicleViewController.m; sourceTree = "<group>"; };
		B2ADF4471B472AA700159107 /* CrumbPath.h */ = {isa = PBXFileReference; fileEncoding = 4; lastKnownFileType = sourcecode.c.h; path = CrumbPath.h; sourceTree = "<group>"; };
		B2ADF4481B472AA700159107 /* CrumbPath.m */ = {isa = PBXFileReference; fileEncoding = 4; lastKnownFileType = sourcecode.c.objc; path = CrumbPath.m; sourceTree = "<group>"; };
		B2ADF4491B472AA700159107 /* CrumbPathRenderer.h */ = {isa = PBXFileReference; fileEncoding = 4; lastKnownFileType = sourcecode.c.h; path = CrumbPathRenderer.h; sourceTree = "<group>"; };
		B2ADF44A1B472AA700159107 /* CrumbPathRenderer.m */ = {isa = PBXFileReference; fileEncoding = 4; lastKnownFileType = sourcecode.c.objc; path = CrumbPathRenderer.m; sourceTree = "<group>"; };
		B2D797411B44AB54008BF430 /* myFirstMojioApp.app */ = {isa = PBXFileReference; explicitFileType = wrapper.application; includeInIndex = 0; path = myFirstMojioApp.app; sourceTree = BUILT_PRODUCTS_DIR; };
		B2D797451B44AB54008BF430 /* Info.plist */ = {isa = PBXFileReference; lastKnownFileType = text.plist.xml; path = Info.plist; sourceTree = "<group>"; };
		B2D797461B44AB54008BF430 /* main.m */ = {isa = PBXFileReference; lastKnownFileType = sourcecode.c.objc; path = main.m; sourceTree = "<group>"; };
		B2D797481B44AB54008BF430 /* AppDelegate.h */ = {isa = PBXFileReference; lastKnownFileType = sourcecode.c.h; path = AppDelegate.h; sourceTree = "<group>"; };
		B2D797491B44AB54008BF430 /* AppDelegate.m */ = {isa = PBXFileReference; lastKnownFileType = sourcecode.c.objc; path = AppDelegate.m; sourceTree = "<group>"; };
		B2D7974F1B44AB54008BF430 /* Base */ = {isa = PBXFileReference; lastKnownFileType = file.storyboard; name = Base; path = Base.lproj/Main.storyboard; sourceTree = "<group>"; };
		B2D797511B44AB54008BF430 /* Images.xcassets */ = {isa = PBXFileReference; lastKnownFileType = folder.assetcatalog; path = Images.xcassets; sourceTree = "<group>"; };
		B2D797541B44AB54008BF430 /* Base */ = {isa = PBXFileReference; lastKnownFileType = file.xib; name = Base; path = Base.lproj/LaunchScreen.xib; sourceTree = "<group>"; };
		B2D7975A1B44AB54008BF430 /* myFirstMojioAppTests.xctest */ = {isa = PBXFileReference; explicitFileType = wrapper.cfbundle; includeInIndex = 0; path = myFirstMojioAppTests.xctest; sourceTree = BUILT_PRODUCTS_DIR; };
		B2D7975F1B44AB54008BF430 /* Info.plist */ = {isa = PBXFileReference; lastKnownFileType = text.plist.xml; path = Info.plist; sourceTree = "<group>"; };
		B2D797601B44AB54008BF430 /* myFirstMojioAppTests.m */ = {isa = PBXFileReference; lastKnownFileType = sourcecode.c.objc; path = myFirstMojioAppTests.m; sourceTree = "<group>"; };
		B2D7976C1B44AB8B008BF430 /* Accelerometer.h */ = {isa = PBXFileReference; fileEncoding = 4; lastKnownFileType = sourcecode.c.h; path = Accelerometer.h; sourceTree = "<group>"; };
		B2D7976D1B44AB8B008BF430 /* Accelerometer.m */ = {isa = PBXFileReference; fileEncoding = 4; lastKnownFileType = sourcecode.c.objc; path = Accelerometer.m; sourceTree = "<group>"; };
		B2D7976E1B44AB8B008BF430 /* Address.h */ = {isa = PBXFileReference; fileEncoding = 4; lastKnownFileType = sourcecode.c.h; path = Address.h; sourceTree = "<group>"; };
		B2D7976F1B44AB8B008BF430 /* Address.m */ = {isa = PBXFileReference; fileEncoding = 4; lastKnownFileType = sourcecode.c.objc; path = Address.m; sourceTree = "<group>"; };
		B2D797701B44AB8B008BF430 /* App.h */ = {isa = PBXFileReference; fileEncoding = 4; lastKnownFileType = sourcecode.c.h; path = App.h; sourceTree = "<group>"; };
		B2D797711B44AB8B008BF430 /* App.m */ = {isa = PBXFileReference; fileEncoding = 4; lastKnownFileType = sourcecode.c.objc; path = App.m; sourceTree = "<group>"; };
		B2D797721B44AB8B008BF430 /* AuthenticationProvider.h */ = {isa = PBXFileReference; fileEncoding = 4; lastKnownFileType = sourcecode.c.h; path = AuthenticationProvider.h; sourceTree = "<group>"; };
		B2D797731B44AB8B008BF430 /* AuthenticationProvider.m */ = {isa = PBXFileReference; fileEncoding = 4; lastKnownFileType = sourcecode.c.objc; path = AuthenticationProvider.m; sourceTree = "<group>"; };
		B2D797741B44AB8B008BF430 /* CarState.h */ = {isa = PBXFileReference; fileEncoding = 4; lastKnownFileType = sourcecode.c.h; path = CarState.h; sourceTree = "<group>"; };
		B2D797751B44AB8B008BF430 /* CarState.m */ = {isa = PBXFileReference; fileEncoding = 4; lastKnownFileType = sourcecode.c.objc; path = CarState.m; sourceTree = "<group>"; };
		B2D797761B44AB8B008BF430 /* Developer.h */ = {isa = PBXFileReference; fileEncoding = 4; lastKnownFileType = sourcecode.c.h; path = Developer.h; sourceTree = "<group>"; };
		B2D797771B44AB8B008BF430 /* Developer.m */ = {isa = PBXFileReference; fileEncoding = 4; lastKnownFileType = sourcecode.c.objc; path = Developer.m; sourceTree = "<group>"; };
		B2D797781B44AB8B008BF430 /* DiagnosticCodes.h */ = {isa = PBXFileReference; fileEncoding = 4; lastKnownFileType = sourcecode.c.h; path = DiagnosticCodes.h; sourceTree = "<group>"; };
		B2D797791B44AB8B008BF430 /* DiagnosticCodes.m */ = {isa = PBXFileReference; fileEncoding = 4; lastKnownFileType = sourcecode.c.objc; path = DiagnosticCodes.m; sourceTree = "<group>"; };
		B2D7977A1B44AB8B008BF430 /* DTC.h */ = {isa = PBXFileReference; fileEncoding = 4; lastKnownFileType = sourcecode.c.h; path = DTC.h; sourceTree = "<group>"; };
		B2D7977B1B44AB8B008BF430 /* DTC.m */ = {isa = PBXFileReference; fileEncoding = 4; lastKnownFileType = sourcecode.c.objc; path = DTC.m; sourceTree = "<group>"; };
		B2D7977C1B44AB8B008BF430 /* Engine.h */ = {isa = PBXFileReference; fileEncoding = 4; lastKnownFileType = sourcecode.c.h; path = Engine.h; sourceTree = "<group>"; };
		B2D7977D1B44AB8B008BF430 /* Engine.m */ = {isa = PBXFileReference; fileEncoding = 4; lastKnownFileType = sourcecode.c.objc; path = Engine.m; sourceTree = "<group>"; };
		B2D7977E1B44AB8B008BF430 /* Entity.h */ = {isa = PBXFileReference; fileEncoding = 4; lastKnownFileType = sourcecode.c.h; path = Entity.h; sourceTree = "<group>"; };
		B2D7977F1B44AB8B008BF430 /* Entity.m */ = {isa = PBXFileReference; fileEncoding = 4; lastKnownFileType = sourcecode.c.objc; path = Entity.m; sourceTree = "<group>"; };
		B2D797801B44AB8B008BF430 /* Event.h */ = {isa = PBXFileReference; fileEncoding = 4; lastKnownFileType = sourcecode.c.h; path = Event.h; sourceTree = "<group>"; };
		B2D797811B44AB8B008BF430 /* Event.m */ = {isa = PBXFileReference; fileEncoding = 4; lastKnownFileType = sourcecode.c.objc; path = Event.m; sourceTree = "<group>"; };
		B2D797821B44AB8B008BF430 /* EventBroadcast.h */ = {isa = PBXFileReference; fileEncoding = 4; lastKnownFileType = sourcecode.c.h; path = EventBroadcast.h; sourceTree = "<group>"; };
		B2D797831B44AB8B008BF430 /* EventBroadcast.m */ = {isa = PBXFileReference; fileEncoding = 4; lastKnownFileType = sourcecode.c.objc; path = EventBroadcast.m; sourceTree = "<group>"; };
		B2D797841B44AB8B008BF430 /* ImageSize.h */ = {isa = PBXFileReference; fileEncoding = 4; lastKnownFileType = sourcecode.c.h; path = ImageSize.h; sourceTree = "<group>"; };
		B2D797851B44AB8B008BF430 /* ImageSize.m */ = {isa = PBXFileReference; fileEncoding = 4; lastKnownFileType = sourcecode.c.objc; path = ImageSize.m; sourceTree = "<group>"; };
		B2D797861B44AB8B008BF430 /* Invoice.h */ = {isa = PBXFileReference; fileEncoding = 4; lastKnownFileType = sourcecode.c.h; path = Invoice.h; sourceTree = "<group>"; };
		B2D797871B44AB8B008BF430 /* Invoice.m */ = {isa = PBXFileReference; fileEncoding = 4; lastKnownFileType = sourcecode.c.objc; path = Invoice.m; sourceTree = "<group>"; };
		B2D797881B44AB8B008BF430 /* Location.h */ = {isa = PBXFileReference; fileEncoding = 4; lastKnownFileType = sourcecode.c.h; path = Location.h; sourceTree = "<group>"; };
		B2D797891B44AB8B008BF430 /* Location.m */ = {isa = PBXFileReference; fileEncoding = 4; lastKnownFileType = sourcecode.c.objc; path = Location.m; sourceTree = "<group>"; };
		B2D7978A1B44AB8B008BF430 /* Mojio.h */ = {isa = PBXFileReference; fileEncoding = 4; lastKnownFileType = sourcecode.c.h; path = Mojio.h; sourceTree = "<group>"; };
		B2D7978B1B44AB8B008BF430 /* Mojio.m */ = {isa = PBXFileReference; fileEncoding = 4; lastKnownFileType = sourcecode.c.objc; path = Mojio.m; sourceTree = "<group>"; };
		B2D7978C1B44AB8B008BF430 /* MojioResponse.h */ = {isa = PBXFileReference; fileEncoding = 4; lastKnownFileType = sourcecode.c.h; path = MojioResponse.h; sourceTree = "<group>"; };
		B2D7978D1B44AB8B008BF430 /* MojioResponse.m */ = {isa = PBXFileReference; fileEncoding = 4; lastKnownFileType = sourcecode.c.objc; path = MojioResponse.m; sourceTree = "<group>"; };
		B2D7978E1B44AB8B008BF430 /* Product.h */ = {isa = PBXFileReference; fileEncoding = 4; lastKnownFileType = sourcecode.c.h; path = Product.h; sourceTree = "<group>"; };
		B2D7978F1B44AB8B008BF430 /* Product.m */ = {isa = PBXFileReference; fileEncoding = 4; lastKnownFileType = sourcecode.c.objc; path = Product.m; sourceTree = "<group>"; };
		B2D797901B44AB8B008BF430 /* Recall.h */ = {isa = PBXFileReference; fileEncoding = 4; lastKnownFileType = sourcecode.c.h; path = Recall.h; sourceTree = "<group>"; };
		B2D797911B44AB8B008BF430 /* Recall.m */ = {isa = PBXFileReference; fileEncoding = 4; lastKnownFileType = sourcecode.c.objc; path = Recall.m; sourceTree = "<group>"; };
		B2D797921B44AB8B008BF430 /* Register.h */ = {isa = PBXFileReference; fileEncoding = 4; lastKnownFileType = sourcecode.c.h; path = Register.h; sourceTree = "<group>"; };
		B2D797931B44AB8B008BF430 /* Register.m */ = {isa = PBXFileReference; fileEncoding = 4; lastKnownFileType = sourcecode.c.objc; path = Register.m; sourceTree = "<group>"; };
		B2D797941B44AB8B008BF430 /* ServiceBulletin.h */ = {isa = PBXFileReference; fileEncoding = 4; lastKnownFileType = sourcecode.c.h; path = ServiceBulletin.h; sourceTree = "<group>"; };
		B2D797951B44AB8B008BF430 /* ServiceBulletin.m */ = {isa = PBXFileReference; fileEncoding = 4; lastKnownFileType = sourcecode.c.objc; path = ServiceBulletin.m; sourceTree = "<group>"; };
		B2D797961B44AB8B008BF430 /* Storage.h */ = {isa = PBXFileReference; fileEncoding = 4; lastKnownFileType = sourcecode.c.h; path = Storage.h; sourceTree = "<group>"; };
		B2D797971B44AB8B008BF430 /* Storage.m */ = {isa = PBXFileReference; fileEncoding = 4; lastKnownFileType = sourcecode.c.objc; path = Storage.m; sourceTree = "<group>"; };
		B2D797981B44AB8B008BF430 /* Token.h */ = {isa = PBXFileReference; fileEncoding = 4; lastKnownFileType = sourcecode.c.h; path = Token.h; sourceTree = "<group>"; };
		B2D797991B44AB8B008BF430 /* Token.m */ = {isa = PBXFileReference; fileEncoding = 4; lastKnownFileType = sourcecode.c.objc; path = Token.m; sourceTree = "<group>"; };
		B2D7979A1B44AB8B008BF430 /* Transmission.h */ = {isa = PBXFileReference; fileEncoding = 4; lastKnownFileType = sourcecode.c.h; path = Transmission.h; sourceTree = "<group>"; };
		B2D7979B1B44AB8B008BF430 /* Transmission.m */ = {isa = PBXFileReference; fileEncoding = 4; lastKnownFileType = sourcecode.c.objc; path = Transmission.m; sourceTree = "<group>"; };
		B2D7979C1B44AB8B008BF430 /* Trip.h */ = {isa = PBXFileReference; fileEncoding = 4; lastKnownFileType = sourcecode.c.h; path = Trip.h; sourceTree = "<group>"; };
		B2D7979D1B44AB8B008BF430 /* Trip.m */ = {isa = PBXFileReference; fileEncoding = 4; lastKnownFileType = sourcecode.c.objc; path = Trip.m; sourceTree = "<group>"; };
		B2D7979E1B44AB8B008BF430 /* User.h */ = {isa = PBXFileReference; fileEncoding = 4; lastKnownFileType = sourcecode.c.h; path = User.h; sourceTree = "<group>"; };
		B2D7979F1B44AB8B008BF430 /* User.m */ = {isa = PBXFileReference; fileEncoding = 4; lastKnownFileType = sourcecode.c.objc; path = User.m; sourceTree = "<group>"; };
		B2D797A01B44AB8B008BF430 /* Vehicle.h */ = {isa = PBXFileReference; fileEncoding = 4; lastKnownFileType = sourcecode.c.h; path = Vehicle.h; sourceTree = "<group>"; };
		B2D797A11B44AB8B008BF430 /* Vehicle.m */ = {isa = PBXFileReference; fileEncoding = 4; lastKnownFileType = sourcecode.c.objc; path = Vehicle.m; sourceTree = "<group>"; };
		B2D797A21B44AB8B008BF430 /* VehicleDetails.h */ = {isa = PBXFileReference; fileEncoding = 4; lastKnownFileType = sourcecode.c.h; path = VehicleDetails.h; sourceTree = "<group>"; };
		B2D797A31B44AB8B008BF430 /* VehicleDetails.m */ = {isa = PBXFileReference; fileEncoding = 4; lastKnownFileType = sourcecode.c.objc; path = VehicleDetails.m; sourceTree = "<group>"; };
		B2D797A41B44AB8B008BF430 /* Warranty.h */ = {isa = PBXFileReference; fileEncoding = 4; lastKnownFileType = sourcecode.c.h; path = Warranty.h; sourceTree = "<group>"; };
		B2D797A51B44AB8B008BF430 /* Warranty.m */ = {isa = PBXFileReference; fileEncoding = 4; lastKnownFileType = sourcecode.c.objc; path = Warranty.m; sourceTree = "<group>"; };
		B2D797A61B44AB8B008BF430 /* MojioClient.h */ = {isa = PBXFileReference; fileEncoding = 4; lastKnownFileType = sourcecode.c.h; path = MojioClient.h; sourceTree = "<group>"; };
		B2D797A71B44AB8B008BF430 /* MojioClient.m */ = {isa = PBXFileReference; fileEncoding = 4; lastKnownFileType = sourcecode.c.objc; path = MojioClient.m; sourceTree = "<group>"; };
		B2D797A81B44AB8B008BF430 /* MojioSDKiOS.h */ = {isa = PBXFileReference; fileEncoding = 4; lastKnownFileType = sourcecode.c.h; path = MojioSDKiOS.h; sourceTree = "<group>"; };
		B2D797AA1B44AB8B008BF430 /* AccelerationObserver.h */ = {isa = PBXFileReference; fileEncoding = 4; lastKnownFileType = sourcecode.c.h; path = AccelerationObserver.h; sourceTree = "<group>"; };
		B2D797AB1B44AB8B008BF430 /* AccelerationObserver.m */ = {isa = PBXFileReference; fileEncoding = 4; lastKnownFileType = sourcecode.c.objc; path = AccelerationObserver.m; sourceTree = "<group>"; };
		B2D797AC1B44AB8B008BF430 /* AccelerometerObserver.h */ = {isa = PBXFileReference; fileEncoding = 4; lastKnownFileType = sourcecode.c.h; path = AccelerometerObserver.h; sourceTree = "<group>"; };
		B2D797AD1B44AB8B008BF430 /* AccelerometerObserver.m */ = {isa = PBXFileReference; fileEncoding = 4; lastKnownFileType = sourcecode.c.objc; path = AccelerometerObserver.m; sourceTree = "<group>"; };
		B2D797AE1B44AB8B008BF430 /* AltitudeObserver.h */ = {isa = PBXFileReference; fileEncoding = 4; lastKnownFileType = sourcecode.c.h; path = AltitudeObserver.h; sourceTree = "<group>"; };
		B2D797AF1B44AB8B008BF430 /* AltitudeObserver.m */ = {isa = PBXFileReference; fileEncoding = 4; lastKnownFileType = sourcecode.c.objc; path = AltitudeObserver.m; sourceTree = "<group>"; };
		B2D797B01B44AB8B008BF430 /* BatteryVoltageObserver.h */ = {isa = PBXFileReference; fileEncoding = 4; lastKnownFileType = sourcecode.c.h; path = BatteryVoltageObserver.h; sourceTree = "<group>"; };
		B2D797B11B44AB8B008BF430 /* BatteryVoltageObserver.m */ = {isa = PBXFileReference; fileEncoding = 4; lastKnownFileType = sourcecode.c.objc; path = BatteryVoltageObserver.m; sourceTree = "<group>"; };
		B2D797B21B44AB8B008BF430 /* ConditionalObserver.h */ = {isa = PBXFileReference; fileEncoding = 4; lastKnownFileType = sourcecode.c.h; path = ConditionalObserver.h; sourceTree = "<group>"; };
		B2D797B31B44AB8B008BF430 /* ConditionalObserver.m */ = {isa = PBXFileReference; fileEncoding = 4; lastKnownFileType = sourcecode.c.objc; path = ConditionalObserver.m; sourceTree = "<group>"; };
		B2D797B41B44AB8B008BF430 /* ConditionalObserverBase.h */ = {isa = PBXFileReference; fileEncoding = 4; lastKnownFileType = sourcecode.c.h; path = ConditionalObserverBase.h; sourceTree = "<group>"; };
		B2D797B51B44AB8B008BF430 /* ConditionalObserverBase.m */ = {isa = PBXFileReference; fileEncoding = 4; lastKnownFileType = sourcecode.c.objc; path = ConditionalObserverBase.m; sourceTree = "<group>"; };
		B2D797B61B44AB8B008BF430 /* DiagnosticCodeObserver.h */ = {isa = PBXFileReference; fileEncoding = 4; lastKnownFileType = sourcecode.c.h; path = DiagnosticCodeObserver.h; sourceTree = "<group>"; };
		B2D797B71B44AB8B008BF430 /* DiagnosticCodeObserver.m */ = {isa = PBXFileReference; fileEncoding = 4; lastKnownFileType = sourcecode.c.objc; path = DiagnosticCodeObserver.m; sourceTree = "<group>"; };
		B2D797B81B44AB8B008BF430 /* DistanceObserver.h */ = {isa = PBXFileReference; fileEncoding = 4; lastKnownFileType = sourcecode.c.h; path = DistanceObserver.h; sourceTree = "<group>"; };
		B2D797B91B44AB8B008BF430 /* DistanceObserver.m */ = {isa = PBXFileReference; fileEncoding = 4; lastKnownFileType = sourcecode.c.objc; path = DistanceObserver.m; sourceTree = "<group>"; };
		B2D797BA1B44AB8B008BF430 /* EventObserver.h */ = {isa = PBXFileReference; fileEncoding = 4; lastKnownFileType = sourcecode.c.h; path = EventObserver.h; sourceTree = "<group>"; };
		B2D797BB1B44AB8B008BF430 /* EventObserver.m */ = {isa = PBXFileReference; fileEncoding = 4; lastKnownFileType = sourcecode.c.objc; path = EventObserver.m; sourceTree = "<group>"; };
		B2D797BC1B44AB8B008BF430 /* FuelLevelObserver.h */ = {isa = PBXFileReference; fileEncoding = 4; lastKnownFileType = sourcecode.c.h; path = FuelLevelObserver.h; sourceTree = "<group>"; };
		B2D797BD1B44AB8B008BF430 /* FuelLevelObserver.m */ = {isa = PBXFileReference; fileEncoding = 4; lastKnownFileType = sourcecode.c.objc; path = FuelLevelObserver.m; sourceTree = "<group>"; };
		B2D797BE1B44AB8B008BF430 /* GeoFenceObserver.h */ = {isa = PBXFileReference; fileEncoding = 4; lastKnownFileType = sourcecode.c.h; path = GeoFenceObserver.h; sourceTree = "<group>"; };
		B2D797BF1B44AB8B008BF430 /* GeoFenceObserver.m */ = {isa = PBXFileReference; fileEncoding = 4; lastKnownFileType = sourcecode.c.objc; path = GeoFenceObserver.m; sourceTree = "<group>"; };
		B2D797C01B44AB8B008BF430 /* HeadingObserver.h */ = {isa = PBXFileReference; fileEncoding = 4; lastKnownFileType = sourcecode.c.h; path = HeadingObserver.h; sourceTree = "<group>"; };
		B2D797C11B44AB8B008BF430 /* HeadingObserver.m */ = {isa = PBXFileReference; fileEncoding = 4; lastKnownFileType = sourcecode.c.objc; path = HeadingObserver.m; sourceTree = "<group>"; };
		B2D797C21B44AB8B008BF430 /* ObservableAttribute.h */ = {isa = PBXFileReference; fileEncoding = 4; lastKnownFileType = sourcecode.c.h; path = ObservableAttribute.h; sourceTree = "<group>"; };
		B2D797C31B44AB8B008BF430 /* ObservableAttribute.m */ = {isa = PBXFileReference; fileEncoding = 4; lastKnownFileType = sourcecode.c.objc; path = ObservableAttribute.m; sourceTree = "<group>"; };
		B2D797C41B44AB8B008BF430 /* Observer.h */ = {isa = PBXFileReference; fileEncoding = 4; lastKnownFileType = sourcecode.c.h; path = Observer.h; sourceTree = "<group>"; };
		B2D797C51B44AB8B008BF430 /* Observer.m */ = {isa = PBXFileReference; fileEncoding = 4; lastKnownFileType = sourcecode.c.objc; path = Observer.m; sourceTree = "<group>"; };
		B2D797C61B44AB8B008BF430 /* ObserverToken.h */ = {isa = PBXFileReference; fileEncoding = 4; lastKnownFileType = sourcecode.c.h; path = ObserverToken.h; sourceTree = "<group>"; };
		B2D797C71B44AB8B008BF430 /* ObserverToken.m */ = {isa = PBXFileReference; fileEncoding = 4; lastKnownFileType = sourcecode.c.objc; path = ObserverToken.m; sourceTree = "<group>"; };
		B2D797C81B44AB8B008BF430 /* ObserverType.h */ = {isa = PBXFileReference; fileEncoding = 4; lastKnownFileType = sourcecode.c.h; path = ObserverType.h; sourceTree = "<group>"; };
		B2D797C91B44AB8B008BF430 /* ObserverType.m */ = {isa = PBXFileReference; fileEncoding = 4; lastKnownFileType = sourcecode.c.objc; path = ObserverType.m; sourceTree = "<group>"; };
		B2D797CA1B44AB8B008BF430 /* OdometerObserver.h */ = {isa = PBXFileReference; fileEncoding = 4; lastKnownFileType = sourcecode.c.h; path = OdometerObserver.h; sourceTree = "<group>"; };
		B2D797CB1B44AB8B008BF430 /* OdometerObserver.m */ = {isa = PBXFileReference; fileEncoding = 4; lastKnownFileType = sourcecode.c.objc; path = OdometerObserver.m; sourceTree = "<group>"; };
		B2D797CC1B44AB8B008BF430 /* RPMObserver.h */ = {isa = PBXFileReference; fileEncoding = 4; lastKnownFileType = sourcecode.c.h; path = RPMObserver.h; sourceTree = "<group>"; };
		B2D797CD1B44AB8B008BF430 /* RPMObserver.m */ = {isa = PBXFileReference; fileEncoding = 4; lastKnownFileType = sourcecode.c.objc; path = RPMObserver.m; sourceTree = "<group>"; };
		B2D797CE1B44AB8B008BF430 /* ScriptObserver.h */ = {isa = PBXFileReference; fileEncoding = 4; lastKnownFileType = sourcecode.c.h; path = ScriptObserver.h; sourceTree = "<group>"; };
		B2D797CF1B44AB8B008BF430 /* ScriptObserver.m */ = {isa = PBXFileReference; fileEncoding = 4; lastKnownFileType = sourcecode.c.objc; path = ScriptObserver.m; sourceTree = "<group>"; };
		B2D797D01B44AB8B008BF430 /* SmoothChunkingMojioObserver.h */ = {isa = PBXFileReference; fileEncoding = 4; lastKnownFileType = sourcecode.c.h; path = SmoothChunkingMojioObserver.h; sourceTree = "<group>"; };
		B2D797D11B44AB8B008BF430 /* SmoothChunkingMojioObserver.m */ = {isa = PBXFileReference; fileEncoding = 4; lastKnownFileType = sourcecode.c.objc; path = SmoothChunkingMojioObserver.m; sourceTree = "<group>"; };
		B2D797D21B44AB8B008BF430 /* SmoothMojioObserver.h */ = {isa = PBXFileReference; fileEncoding = 4; lastKnownFileType = sourcecode.c.h; path = SmoothMojioObserver.h; sourceTree = "<group>"; };
		B2D797D31B44AB8B008BF430 /* SmoothMojioObserver.m */ = {isa = PBXFileReference; fileEncoding = 4; lastKnownFileType = sourcecode.c.objc; path = SmoothMojioObserver.m; sourceTree = "<group>"; };
		B2D797D41B44AB8B008BF430 /* SmoothObserverBase.h */ = {isa = PBXFileReference; fileEncoding = 4; lastKnownFileType = sourcecode.c.h; path = SmoothObserverBase.h; sourceTree = "<group>"; };
		B2D797D51B44AB8B008BF430 /* SmoothObserverBase.m */ = {isa = PBXFileReference; fileEncoding = 4; lastKnownFileType = sourcecode.c.objc; path = SmoothObserverBase.m; sourceTree = "<group>"; };
		B2D797D61B44AB8B008BF430 /* SmoothTripObserver.h */ = {isa = PBXFileReference; fileEncoding = 4; lastKnownFileType = sourcecode.c.h; path = SmoothTripObserver.h; sourceTree = "<group>"; };
		B2D797D71B44AB8B008BF430 /* SmoothTripObserver.m */ = {isa = PBXFileReference; fileEncoding = 4; lastKnownFileType = sourcecode.c.objc; path = SmoothTripObserver.m; sourceTree = "<group>"; };
		B2D797D81B44AB8B008BF430 /* SmoothVehicleObserver.h */ = {isa = PBXFileReference; fileEncoding = 4; lastKnownFileType = sourcecode.c.h; path = SmoothVehicleObserver.h; sourceTree = "<group>"; };
		B2D797D91B44AB8B008BF430 /* SmoothVehicleObserver.m */ = {isa = PBXFileReference; fileEncoding = 4; lastKnownFileType = sourcecode.c.objc; path = SmoothVehicleObserver.m; sourceTree = "<group>"; };
		B2D797DA1B44AB8B008BF430 /* SpeedObserver.h */ = {isa = PBXFileReference; fileEncoding = 4; lastKnownFileType = sourcecode.c.h; path = SpeedObserver.h; sourceTree = "<group>"; };
		B2D797DB1B44AB8B008BF430 /* SpeedObserver.m */ = {isa = PBXFileReference; fileEncoding = 4; lastKnownFileType = sourcecode.c.objc; path = SpeedObserver.m; sourceTree = "<group>"; };
		B2D797DE1B44AB8B008BF430 /* SRHubConnection.h */ = {isa = PBXFileReference; fileEncoding = 4; lastKnownFileType = sourcecode.c.h; path = SRHubConnection.h; sourceTree = "<group>"; };
		B2D797DF1B44AB8B008BF430 /* SRHubConnection.m */ = {isa = PBXFileReference; fileEncoding = 4; lastKnownFileType = sourcecode.c.objc; path = SRHubConnection.m; sourceTree = "<group>"; };
		B2D797E01B44AB8B008BF430 /* SRHubConnectionInterface.h */ = {isa = PBXFileReference; fileEncoding = 4; lastKnownFileType = sourcecode.c.h; path = SRHubConnectionInterface.h; sourceTree = "<group>"; };
		B2D797E11B44AB8B008BF430 /* SRHubInvocation.h */ = {isa = PBXFileReference; fileEncoding = 4; lastKnownFileType = sourcecode.c.h; path = SRHubInvocation.h; sourceTree = "<group>"; };
		B2D797E21B44AB8B008BF430 /* SRHubInvocation.m */ = {isa = PBXFileReference; fileEncoding = 4; lastKnownFileType = sourcecode.c.objc; path = SRHubInvocation.m; sourceTree = "<group>"; };
		B2D797E31B44AB8B008BF430 /* SRHubProxy.h */ = {isa = PBXFileReference; fileEncoding = 4; lastKnownFileType = sourcecode.c.h; path = SRHubProxy.h; sourceTree = "<group>"; };
		B2D797E41B44AB8B008BF430 /* SRHubProxy.m */ = {isa = PBXFileReference; fileEncoding = 4; lastKnownFileType = sourcecode.c.objc; path = SRHubProxy.m; sourceTree = "<group>"; };
		B2D797E51B44AB8B008BF430 /* SRHubProxyExtensions.h */ = {isa = PBXFileReference; fileEncoding = 4; lastKnownFileType = sourcecode.c.h; path = SRHubProxyExtensions.h; sourceTree = "<group>"; };
		B2D797E61B44AB8B008BF430 /* SRHubProxyExtensions.m */ = {isa = PBXFileReference; fileEncoding = 4; lastKnownFileType = sourcecode.c.objc; path = SRHubProxyExtensions.m; sourceTree = "<group>"; };
		B2D797E71B44AB8B008BF430 /* SRHubProxyInterface.h */ = {isa = PBXFileReference; fileEncoding = 4; lastKnownFileType = sourcecode.c.h; path = SRHubProxyInterface.h; sourceTree = "<group>"; };
		B2D797E81B44AB8B008BF430 /* SRHubRegistrationData.h */ = {isa = PBXFileReference; fileEncoding = 4; lastKnownFileType = sourcecode.c.h; path = SRHubRegistrationData.h; sourceTree = "<group>"; };
		B2D797E91B44AB8B008BF430 /* SRHubRegistrationData.m */ = {isa = PBXFileReference; fileEncoding = 4; lastKnownFileType = sourcecode.c.objc; path = SRHubRegistrationData.m; sourceTree = "<group>"; };
		B2D797EA1B44AB8B008BF430 /* SRHubResult.h */ = {isa = PBXFileReference; fileEncoding = 4; lastKnownFileType = sourcecode.c.h; path = SRHubResult.h; sourceTree = "<group>"; };
		B2D797EB1B44AB8B008BF430 /* SRHubResult.m */ = {isa = PBXFileReference; fileEncoding = 4; lastKnownFileType = sourcecode.c.objc; path = SRHubResult.m; sourceTree = "<group>"; };
		B2D797EC1B44AB8B008BF430 /* SRHubs.h */ = {isa = PBXFileReference; fileEncoding = 4; lastKnownFileType = sourcecode.c.h; path = SRHubs.h; sourceTree = "<group>"; };
		B2D797ED1B44AB8B008BF430 /* SRHubservable.h */ = {isa = PBXFileReference; fileEncoding = 4; lastKnownFileType = sourcecode.c.h; path = SRHubservable.h; sourceTree = "<group>"; };
		B2D797EE1B44AB8B008BF430 /* SRHubservable.m */ = {isa = PBXFileReference; fileEncoding = 4; lastKnownFileType = sourcecode.c.objc; path = SRHubservable.m; sourceTree = "<group>"; };
		B2D797EF1B44AB8B008BF430 /* SRSubscription.h */ = {isa = PBXFileReference; fileEncoding = 4; lastKnownFileType = sourcecode.c.h; path = SRSubscription.h; sourceTree = "<group>"; };
		B2D797F01B44AB8B008BF430 /* SRSubscription.m */ = {isa = PBXFileReference; fileEncoding = 4; lastKnownFileType = sourcecode.c.objc; path = SRSubscription.m; sourceTree = "<group>"; };
		B2D797F21B44AB8B008BF430 /* NSObject+SRJSON.h */ = {isa = PBXFileReference; fileEncoding = 4; lastKnownFileType = sourcecode.c.h; path = "NSObject+SRJSON.h"; sourceTree = "<group>"; };
		B2D797F31B44AB8B008BF430 /* NSObject+SRJSON.m */ = {isa = PBXFileReference; fileEncoding = 4; lastKnownFileType = sourcecode.c.objc; path = "NSObject+SRJSON.m"; sourceTree = "<group>"; };
		B2D797F41B44AB8B008BF430 /* SRDeserializable.h */ = {isa = PBXFileReference; fileEncoding = 4; lastKnownFileType = sourcecode.c.h; path = SRDeserializable.h; sourceTree = "<group>"; };
		B2D797F51B44AB8B008BF430 /* SRExceptionHelper.h */ = {isa = PBXFileReference; fileEncoding = 4; lastKnownFileType = sourcecode.c.h; path = SRExceptionHelper.h; sourceTree = "<group>"; };
		B2D797F61B44AB8B008BF430 /* SRExceptionHelper.m */ = {isa = PBXFileReference; fileEncoding = 4; lastKnownFileType = sourcecode.c.objc; path = SRExceptionHelper.m; sourceTree = "<group>"; };
		B2D797F71B44AB8B008BF430 /* SRSerializable.h */ = {isa = PBXFileReference; fileEncoding = 4; lastKnownFileType = sourcecode.c.h; path = SRSerializable.h; sourceTree = "<group>"; };
		B2D797F81B44AB8B008BF430 /* SRVersion.h */ = {isa = PBXFileReference; fileEncoding = 4; lastKnownFileType = sourcecode.c.h; path = SRVersion.h; sourceTree = "<group>"; };
		B2D797F91B44AB8B008BF430 /* SRVersion.m */ = {isa = PBXFileReference; fileEncoding = 4; lastKnownFileType = sourcecode.c.objc; path = SRVersion.m; sourceTree = "<group>"; };
		B2D797FA1B44AB8B008BF430 /* SignalR.h */ = {isa = PBXFileReference; fileEncoding = 4; lastKnownFileType = sourcecode.c.h; path = SignalR.h; sourceTree = "<group>"; };
		B2D797FB1B44AB8B008BF430 /* SRConnection.h */ = {isa = PBXFileReference; fileEncoding = 4; lastKnownFileType = sourcecode.c.h; path = SRConnection.h; sourceTree = "<group>"; };
		B2D797FC1B44AB8B008BF430 /* SRConnection.m */ = {isa = PBXFileReference; fileEncoding = 4; lastKnownFileType = sourcecode.c.objc; path = SRConnection.m; sourceTree = "<group>"; };
		B2D797FD1B44AB8B008BF430 /* SRConnectionDelegate.h */ = {isa = PBXFileReference; fileEncoding = 4; lastKnownFileType = sourcecode.c.h; path = SRConnectionDelegate.h; sourceTree = "<group>"; };
		B2D797FE1B44AB8B008BF430 /* SRConnectionExtensions.h */ = {isa = PBXFileReference; fileEncoding = 4; lastKnownFileType = sourcecode.c.h; path = SRConnectionExtensions.h; sourceTree = "<group>"; };
		B2D797FF1B44AB8B008BF430 /* SRConnectionExtensions.m */ = {isa = PBXFileReference; fileEncoding = 4; lastKnownFileType = sourcecode.c.objc; path = SRConnectionExtensions.m; sourceTree = "<group>"; };
		B2D798001B44AB8B008BF430 /* SRConnectionInterface.h */ = {isa = PBXFileReference; fileEncoding = 4; lastKnownFileType = sourcecode.c.h; path = SRConnectionInterface.h; sourceTree = "<group>"; };
		B2D798011B44AB8B008BF430 /* SRConnectionState.h */ = {isa = PBXFileReference; fileEncoding = 4; lastKnownFileType = sourcecode.c.h; path = SRConnectionState.h; sourceTree = "<group>"; };
		B2D798021B44AB8B008BF430 /* SRHeartbeatMonitor.h */ = {isa = PBXFileReference; fileEncoding = 4; lastKnownFileType = sourcecode.c.h; path = SRHeartbeatMonitor.h; sourceTree = "<group>"; };
		B2D798031B44AB8B008BF430 /* SRHeartbeatMonitor.m */ = {isa = PBXFileReference; fileEncoding = 4; lastKnownFileType = sourcecode.c.objc; path = SRHeartbeatMonitor.m; sourceTree = "<group>"; };
		B2D798041B44AB8B008BF430 /* SRKeepAliveData.h */ = {isa = PBXFileReference; fileEncoding = 4; lastKnownFileType = sourcecode.c.h; path = SRKeepAliveData.h; sourceTree = "<group>"; };
		B2D798051B44AB8B008BF430 /* SRKeepAliveData.m */ = {isa = PBXFileReference; fileEncoding = 4; lastKnownFileType = sourcecode.c.objc; path = SRKeepAliveData.m; sourceTree = "<group>"; };
		B2D798061B44AB8B008BF430 /* SRLog.h */ = {isa = PBXFileReference; fileEncoding = 4; lastKnownFileType = sourcecode.c.h; path = SRLog.h; sourceTree = "<group>"; };
		B2D798071B44AB8B008BF430 /* SRNegotiationResponse.h */ = {isa = PBXFileReference; fileEncoding = 4; lastKnownFileType = sourcecode.c.h; path = SRNegotiationResponse.h; sourceTree = "<group>"; };
		B2D798081B44AB8B008BF430 /* SRNegotiationResponse.m */ = {isa = PBXFileReference; fileEncoding = 4; lastKnownFileType = sourcecode.c.objc; path = SRNegotiationResponse.m; sourceTree = "<group>"; };
		B2D7980B1B44AB8B008BF430 /* SRChunkBuffer.h */ = {isa = PBXFileReference; fileEncoding = 4; lastKnownFileType = sourcecode.c.h; path = SRChunkBuffer.h; sourceTree = "<group>"; };
		B2D7980C1B44AB8B008BF430 /* SRChunkBuffer.m */ = {isa = PBXFileReference; fileEncoding = 4; lastKnownFileType = sourcecode.c.objc; path = SRChunkBuffer.m; sourceTree = "<group>"; };
		B2D7980D1B44AB8B008BF430 /* SREventSourceStreamReader.h */ = {isa = PBXFileReference; fileEncoding = 4; lastKnownFileType = sourcecode.c.h; path = SREventSourceStreamReader.h; sourceTree = "<group>"; };
		B2D7980E1B44AB8B008BF430 /* SREventSourceStreamReader.m */ = {isa = PBXFileReference; fileEncoding = 4; lastKnownFileType = sourcecode.c.objc; path = SREventSourceStreamReader.m; sourceTree = "<group>"; };
		B2D7980F1B44AB8B008BF430 /* SRServerSentEvent.h */ = {isa = PBXFileReference; fileEncoding = 4; lastKnownFileType = sourcecode.c.h; path = SRServerSentEvent.h; sourceTree = "<group>"; };
		B2D798101B44AB8B008BF430 /* SRServerSentEvent.m */ = {isa = PBXFileReference; fileEncoding = 4; lastKnownFileType = sourcecode.c.objc; path = SRServerSentEvent.m; sourceTree = "<group>"; };
		B2D798111B44AB8B008BF430 /* SRAutoTransport.h */ = {isa = PBXFileReference; fileEncoding = 4; lastKnownFileType = sourcecode.c.h; path = SRAutoTransport.h; sourceTree = "<group>"; };
		B2D798121B44AB8B008BF430 /* SRAutoTransport.m */ = {isa = PBXFileReference; fileEncoding = 4; lastKnownFileType = sourcecode.c.objc; path = SRAutoTransport.m; sourceTree = "<group>"; };
		B2D798131B44AB8B008BF430 /* SRClientTransportInterface.h */ = {isa = PBXFileReference; fileEncoding = 4; lastKnownFileType = sourcecode.c.h; path = SRClientTransportInterface.h; sourceTree = "<group>"; };
		B2D798141B44AB8B008BF430 /* SRHttpBasedTransport.h */ = {isa = PBXFileReference; fileEncoding = 4; lastKnownFileType = sourcecode.c.h; path = SRHttpBasedTransport.h; sourceTree = "<group>"; };
		B2D798151B44AB8B008BF430 /* SRHttpBasedTransport.m */ = {isa = PBXFileReference; fileEncoding = 4; lastKnownFileType = sourcecode.c.objc; path = SRHttpBasedTransport.m; sourceTree = "<group>"; };
		B2D798161B44AB8B008BF430 /* SRLongPollingTransport.h */ = {isa = PBXFileReference; fileEncoding = 4; lastKnownFileType = sourcecode.c.h; path = SRLongPollingTransport.h; sourceTree = "<group>"; };
		B2D798171B44AB8B008BF430 /* SRLongPollingTransport.m */ = {isa = PBXFileReference; fileEncoding = 4; lastKnownFileType = sourcecode.c.objc; path = SRLongPollingTransport.m; sourceTree = "<group>"; };
		B2D798181B44AB8B008BF430 /* SRServerSentEventsTransport.h */ = {isa = PBXFileReference; fileEncoding = 4; lastKnownFileType = sourcecode.c.h; path = SRServerSentEventsTransport.h; sourceTree = "<group>"; };
		B2D798191B44AB8B008BF430 /* SRServerSentEventsTransport.m */ = {isa = PBXFileReference; fileEncoding = 4; lastKnownFileType = sourcecode.c.objc; path = SRServerSentEventsTransport.m; sourceTree = "<group>"; };
		B2D7981A1B44AB8B008BF430 /* SRWebSocketTransport.h */ = {isa = PBXFileReference; fileEncoding = 4; lastKnownFileType = sourcecode.c.h; path = SRWebSocketTransport.h; sourceTree = "<group>"; };
		B2D7981B1B44AB8B008BF430 /* SRWebSocketTransport.m */ = {isa = PBXFileReference; fileEncoding = 4; lastKnownFileType = sourcecode.c.objc; path = SRWebSocketTransport.m; sourceTree = "<group>"; };
		B2D7981D1B44AB8B008BF430 /* SRWebSocketConnectionInfo.h */ = {isa = PBXFileReference; fileEncoding = 4; lastKnownFileType = sourcecode.c.h; path = SRWebSocketConnectionInfo.h; sourceTree = "<group>"; };
		B2D7981E1B44AB8B008BF430 /* SRWebSocketConnectionInfo.m */ = {isa = PBXFileReference; fileEncoding = 4; lastKnownFileType = sourcecode.c.objc; path = SRWebSocketConnectionInfo.m; sourceTree = "<group>"; };
		B2D798201B44AB8B008BF430 /* SocketRocket-Prefix.pch */ = {isa = PBXFileReference; fileEncoding = 4; lastKnownFileType = sourcecode.c.h; path = "SocketRocket-Prefix.pch"; sourceTree = "<group>"; };
		B2D798211B44AB8B008BF430 /* SRWebSocket.h */ = {isa = PBXFileReference; fileEncoding = 4; lastKnownFileType = sourcecode.c.h; path = SRWebSocket.h; sourceTree = "<group>"; };
		B2D798221B44AB8B008BF430 /* SRWebSocket.m */ = {isa = PBXFileReference; fileEncoding = 4; lastKnownFileType = sourcecode.c.objc; path = SRWebSocket.m; sourceTree = "<group>"; };
		B2D798741B44AC71008BF430 /* libicucore.dylib */ = {isa = PBXFileReference; lastKnownFileType = "compiled.mach-o.dylib"; name = libicucore.dylib; path = usr/lib/libicucore.dylib; sourceTree = SDKROOT; };
		B2D798761B44AC7A008BF430 /* Security.framework */ = {isa = PBXFileReference; lastKnownFileType = wrapper.framework; name = Security.framework; path = System/Library/Frameworks/Security.framework; sourceTree = SDKROOT; };
		B2D798781B44AC80008BF430 /* Foundation.framework */ = {isa = PBXFileReference; lastKnownFileType = wrapper.framework; name = Foundation.framework; path = System/Library/Frameworks/Foundation.framework; sourceTree = SDKROOT; };
		B2D7987A1B44AC8D008BF430 /* CFNetwork.framework */ = {isa = PBXFileReference; lastKnownFileType = wrapper.framework; name = CFNetwork.framework; path = System/Library/Frameworks/CFNetwork.framework; sourceTree = SDKROOT; };
		B2D798801B44B43A008BF430 /* Trips.storyboard */ = {isa = PBXFileReference; fileEncoding = 4; lastKnownFileType = file.storyboard; path = Trips.storyboard; sourceTree = "<group>"; };
		B2D798831B44F04F008BF430 /* MyFirstMojioAppManager.h */ = {isa = PBXFileReference; fileEncoding = 4; lastKnownFileType = sourcecode.c.h; path = MyFirstMojioAppManager.h; sourceTree = "<group>"; };
		B2D798841B44F04F008BF430 /* MyFirstMojioAppManager.m */ = {isa = PBXFileReference; fileEncoding = 4; lastKnownFileType = sourcecode.c.objc; path = MyFirstMojioAppManager.m; sourceTree = "<group>"; };
		B2FA1EB31B45A46100DF87F8 /* Login.storyboard */ = {isa = PBXFileReference; fileEncoding = 4; lastKnownFileType = file.storyboard; path = Login.storyboard; sourceTree = "<group>"; };
		CED861E3D3BFEC02B43E08BE /* libPods.a */ = {isa = PBXFileReference; explicitFileType = archive.ar; includeInIndex = 0; path = libPods.a; sourceTree = BUILT_PRODUCTS_DIR; };
/* End PBXFileReference section */

/* Begin PBXFrameworksBuildPhase section */
		B2D7973E1B44AB54008BF430 /* Frameworks */ = {
			isa = PBXFrameworksBuildPhase;
			buildActionMask = 2147483647;
			files = (
				B28608E41B45E2D20043DBA4 /* MapKit.framework in Frameworks */,
				B2D7987B1B44AC8D008BF430 /* CFNetwork.framework in Frameworks */,
				B2D798791B44AC80008BF430 /* Foundation.framework in Frameworks */,
				B2D798771B44AC7A008BF430 /* Security.framework in Frameworks */,
				B2D798751B44AC71008BF430 /* libicucore.dylib in Frameworks */,
				910A47B69A1567E343B07BBA /* libPods.a in Frameworks */,
			);
			runOnlyForDeploymentPostprocessing = 0;
		};
		B2D797571B44AB54008BF430 /* Frameworks */ = {
			isa = PBXFrameworksBuildPhase;
			buildActionMask = 2147483647;
			files = (
			);
			runOnlyForDeploymentPostprocessing = 0;
		};
/* End PBXFrameworksBuildPhase section */

/* Begin PBXGroup section */
		1DFF0D434A6AF6D568C69662 /* Pods */ = {
			isa = PBXGroup;
			children = (
				0266528393B6FC270FA531E7 /* Pods.debug.xcconfig */,
				1B8FF052DF3148DC8DF64F1A /* Pods.release.xcconfig */,
			);
			name = Pods;
			sourceTree = "<group>";
		};
		B2ADF4461B472A8600159107 /* Overlay */ = {
			isa = PBXGroup;
			children = (
				B2ADF4471B472AA700159107 /* CrumbPath.h */,
				B2ADF4481B472AA700159107 /* CrumbPath.m */,
				B2ADF4491B472AA700159107 /* CrumbPathRenderer.h */,
				B2ADF44A1B472AA700159107 /* CrumbPathRenderer.m */,
			);
			name = Overlay;
			sourceTree = "<group>";
		};
		B2D797381B44AB54008BF430 = {
			isa = PBXGroup;
			children = (
				B2D7976A1B44AB8B008BF430 /* MojioSDKiOS */,
				B2D797431B44AB54008BF430 /* myFirstMojioApp */,
				B2D7975D1B44AB54008BF430 /* myFirstMojioAppTests */,
				B2D797421B44AB54008BF430 /* Products */,
				1DFF0D434A6AF6D568C69662 /* Pods */,
				C066A20FA03654760A59C341 /* Frameworks */,
			);
			sourceTree = "<group>";
		};
		B2D797421B44AB54008BF430 /* Products */ = {
			isa = PBXGroup;
			children = (
				B2D797411B44AB54008BF430 /* myFirstMojioApp.app */,
				B2D7975A1B44AB54008BF430 /* myFirstMojioAppTests.xctest */,
			);
			name = Products;
			sourceTree = "<group>";
		};
		B2D797431B44AB54008BF430 /* myFirstMojioApp */ = {
			isa = PBXGroup;
			children = (
				B2ADF4461B472A8600159107 /* Overlay */,
				B2D798821B44EDFB008BF430 /* Mojio */,
				B2FA1EB21B45A44900DF87F8 /* Login */,
				B2D7987F1B44B42B008BF430 /* Trips */,
				B2D797481B44AB54008BF430 /* AppDelegate.h */,
				B2D797491B44AB54008BF430 /* AppDelegate.m */,
				B2D7974E1B44AB54008BF430 /* Main.storyboard */,
				B2D797511B44AB54008BF430 /* Images.xcassets */,
				B2D797531B44AB54008BF430 /* LaunchScreen.xib */,
				B2D797441B44AB54008BF430 /* Supporting Files */,
			);
			path = myFirstMojioApp;
			sourceTree = "<group>";
		};
		B2D797441B44AB54008BF430 /* Supporting Files */ = {
			isa = PBXGroup;
			children = (
				B2D797451B44AB54008BF430 /* Info.plist */,
				B2D797461B44AB54008BF430 /* main.m */,
			);
			name = "Supporting Files";
			sourceTree = "<group>";
		};
		B2D7975D1B44AB54008BF430 /* myFirstMojioAppTests */ = {
			isa = PBXGroup;
			children = (
				B2D797601B44AB54008BF430 /* myFirstMojioAppTests.m */,
				B2D7975E1B44AB54008BF430 /* Supporting Files */,
			);
			path = myFirstMojioAppTests;
			sourceTree = "<group>";
		};
		B2D7975E1B44AB54008BF430 /* Supporting Files */ = {
			isa = PBXGroup;
			children = (
				B2D7975F1B44AB54008BF430 /* Info.plist */,
			);
			name = "Supporting Files";
			sourceTree = "<group>";
		};
		B2D7976A1B44AB8B008BF430 /* MojioSDKiOS */ = {
			isa = PBXGroup;
			children = (
				B2D7976B1B44AB8B008BF430 /* Models */,
				B2D797A61B44AB8B008BF430 /* MojioClient.h */,
				B2D797A71B44AB8B008BF430 /* MojioClient.m */,
				B2D797A81B44AB8B008BF430 /* MojioSDKiOS.h */,
				B2D797A91B44AB8B008BF430 /* Observers */,
				B2D797DC1B44AB8B008BF430 /* SignalR.Client */,
				B2D7981F1B44AB8B008BF430 /* SocketRocket */,
			);
			path = MojioSDKiOS;
			sourceTree = "<group>";
		};
		B2D7976B1B44AB8B008BF430 /* Models */ = {
			isa = PBXGroup;
			children = (
				B2D7976C1B44AB8B008BF430 /* Accelerometer.h */,
				B2D7976D1B44AB8B008BF430 /* Accelerometer.m */,
				B2D7976E1B44AB8B008BF430 /* Address.h */,
				B2D7976F1B44AB8B008BF430 /* Address.m */,
				B2D797701B44AB8B008BF430 /* App.h */,
				B2D797711B44AB8B008BF430 /* App.m */,
				B2D797721B44AB8B008BF430 /* AuthenticationProvider.h */,
				B2D797731B44AB8B008BF430 /* AuthenticationProvider.m */,
				B2D797741B44AB8B008BF430 /* CarState.h */,
				B2D797751B44AB8B008BF430 /* CarState.m */,
				B2D797761B44AB8B008BF430 /* Developer.h */,
				B2D797771B44AB8B008BF430 /* Developer.m */,
				B2D797781B44AB8B008BF430 /* DiagnosticCodes.h */,
				B2D797791B44AB8B008BF430 /* DiagnosticCodes.m */,
				B2D7977A1B44AB8B008BF430 /* DTC.h */,
				B2D7977B1B44AB8B008BF430 /* DTC.m */,
				B2D7977C1B44AB8B008BF430 /* Engine.h */,
				B2D7977D1B44AB8B008BF430 /* Engine.m */,
				B2D7977E1B44AB8B008BF430 /* Entity.h */,
				B2D7977F1B44AB8B008BF430 /* Entity.m */,
				B2D797801B44AB8B008BF430 /* Event.h */,
				B2D797811B44AB8B008BF430 /* Event.m */,
				B2D797821B44AB8B008BF430 /* EventBroadcast.h */,
				B2D797831B44AB8B008BF430 /* EventBroadcast.m */,
				B2D797841B44AB8B008BF430 /* ImageSize.h */,
				B2D797851B44AB8B008BF430 /* ImageSize.m */,
				B2D797861B44AB8B008BF430 /* Invoice.h */,
				B2D797871B44AB8B008BF430 /* Invoice.m */,
				B2D797881B44AB8B008BF430 /* Location.h */,
				B2D797891B44AB8B008BF430 /* Location.m */,
				B2D7978A1B44AB8B008BF430 /* Mojio.h */,
				B2D7978B1B44AB8B008BF430 /* Mojio.m */,
				B2D7978C1B44AB8B008BF430 /* MojioResponse.h */,
				B2D7978D1B44AB8B008BF430 /* MojioResponse.m */,
				B2D7978E1B44AB8B008BF430 /* Product.h */,
				B2D7978F1B44AB8B008BF430 /* Product.m */,
				B2D797901B44AB8B008BF430 /* Recall.h */,
				B2D797911B44AB8B008BF430 /* Recall.m */,
				B2D797921B44AB8B008BF430 /* Register.h */,
				B2D797931B44AB8B008BF430 /* Register.m */,
				B2D797941B44AB8B008BF430 /* ServiceBulletin.h */,
				B2D797951B44AB8B008BF430 /* ServiceBulletin.m */,
				B2D797961B44AB8B008BF430 /* Storage.h */,
				B2D797971B44AB8B008BF430 /* Storage.m */,
				B2D797981B44AB8B008BF430 /* Token.h */,
				B2D797991B44AB8B008BF430 /* Token.m */,
				B2D7979A1B44AB8B008BF430 /* Transmission.h */,
				B2D7979B1B44AB8B008BF430 /* Transmission.m */,
				B2D7979C1B44AB8B008BF430 /* Trip.h */,
				B2D7979D1B44AB8B008BF430 /* Trip.m */,
				B2D7979E1B44AB8B008BF430 /* User.h */,
				B2D7979F1B44AB8B008BF430 /* User.m */,
				B2D797A01B44AB8B008BF430 /* Vehicle.h */,
				B2D797A11B44AB8B008BF430 /* Vehicle.m */,
				B2D797A21B44AB8B008BF430 /* VehicleDetails.h */,
				B2D797A31B44AB8B008BF430 /* VehicleDetails.m */,
				B2D797A41B44AB8B008BF430 /* Warranty.h */,
				B2D797A51B44AB8B008BF430 /* Warranty.m */,
			);
			path = Models;
			sourceTree = "<group>";
		};
		B2D797A91B44AB8B008BF430 /* Observers */ = {
			isa = PBXGroup;
			children = (
				B2D797AA1B44AB8B008BF430 /* AccelerationObserver.h */,
				B2D797AB1B44AB8B008BF430 /* AccelerationObserver.m */,
				B2D797AC1B44AB8B008BF430 /* AccelerometerObserver.h */,
				B2D797AD1B44AB8B008BF430 /* AccelerometerObserver.m */,
				B2D797AE1B44AB8B008BF430 /* AltitudeObserver.h */,
				B2D797AF1B44AB8B008BF430 /* AltitudeObserver.m */,
				B2D797B01B44AB8B008BF430 /* BatteryVoltageObserver.h */,
				B2D797B11B44AB8B008BF430 /* BatteryVoltageObserver.m */,
				B2D797B21B44AB8B008BF430 /* ConditionalObserver.h */,
				B2D797B31B44AB8B008BF430 /* ConditionalObserver.m */,
				B2D797B41B44AB8B008BF430 /* ConditionalObserverBase.h */,
				B2D797B51B44AB8B008BF430 /* ConditionalObserverBase.m */,
				B2D797B61B44AB8B008BF430 /* DiagnosticCodeObserver.h */,
				B2D797B71B44AB8B008BF430 /* DiagnosticCodeObserver.m */,
				B2D797B81B44AB8B008BF430 /* DistanceObserver.h */,
				B2D797B91B44AB8B008BF430 /* DistanceObserver.m */,
				B2D797BA1B44AB8B008BF430 /* EventObserver.h */,
				B2D797BB1B44AB8B008BF430 /* EventObserver.m */,
				B2D797BC1B44AB8B008BF430 /* FuelLevelObserver.h */,
				B2D797BD1B44AB8B008BF430 /* FuelLevelObserver.m */,
				B2D797BE1B44AB8B008BF430 /* GeoFenceObserver.h */,
				B2D797BF1B44AB8B008BF430 /* GeoFenceObserver.m */,
				B2D797C01B44AB8B008BF430 /* HeadingObserver.h */,
				B2D797C11B44AB8B008BF430 /* HeadingObserver.m */,
				B2D797C21B44AB8B008BF430 /* ObservableAttribute.h */,
				B2D797C31B44AB8B008BF430 /* ObservableAttribute.m */,
				B2D797C41B44AB8B008BF430 /* Observer.h */,
				B2D797C51B44AB8B008BF430 /* Observer.m */,
				B2D797C61B44AB8B008BF430 /* ObserverToken.h */,
				B2D797C71B44AB8B008BF430 /* ObserverToken.m */,
				B2D797C81B44AB8B008BF430 /* ObserverType.h */,
				B2D797C91B44AB8B008BF430 /* ObserverType.m */,
				B2D797CA1B44AB8B008BF430 /* OdometerObserver.h */,
				B2D797CB1B44AB8B008BF430 /* OdometerObserver.m */,
				B2D797CC1B44AB8B008BF430 /* RPMObserver.h */,
				B2D797CD1B44AB8B008BF430 /* RPMObserver.m */,
				B2D797CE1B44AB8B008BF430 /* ScriptObserver.h */,
				B2D797CF1B44AB8B008BF430 /* ScriptObserver.m */,
				B2D797D01B44AB8B008BF430 /* SmoothChunkingMojioObserver.h */,
				B2D797D11B44AB8B008BF430 /* SmoothChunkingMojioObserver.m */,
				B2D797D21B44AB8B008BF430 /* SmoothMojioObserver.h */,
				B2D797D31B44AB8B008BF430 /* SmoothMojioObserver.m */,
				B2D797D41B44AB8B008BF430 /* SmoothObserverBase.h */,
				B2D797D51B44AB8B008BF430 /* SmoothObserverBase.m */,
				B2D797D61B44AB8B008BF430 /* SmoothTripObserver.h */,
				B2D797D71B44AB8B008BF430 /* SmoothTripObserver.m */,
				B2D797D81B44AB8B008BF430 /* SmoothVehicleObserver.h */,
				B2D797D91B44AB8B008BF430 /* SmoothVehicleObserver.m */,
				B2D797DA1B44AB8B008BF430 /* SpeedObserver.h */,
				B2D797DB1B44AB8B008BF430 /* SpeedObserver.m */,
			);
			path = Observers;
			sourceTree = "<group>";
		};
		B2D797DC1B44AB8B008BF430 /* SignalR.Client */ = {
			isa = PBXGroup;
			children = (
				B2D797DD1B44AB8B008BF430 /* Hubs */,
				B2D797F11B44AB8B008BF430 /* Infrastructure */,
				B2D797FA1B44AB8B008BF430 /* SignalR.h */,
				B2D797FB1B44AB8B008BF430 /* SRConnection.h */,
				B2D797FC1B44AB8B008BF430 /* SRConnection.m */,
				B2D797FD1B44AB8B008BF430 /* SRConnectionDelegate.h */,
				B2D797FE1B44AB8B008BF430 /* SRConnectionExtensions.h */,
				B2D797FF1B44AB8B008BF430 /* SRConnectionExtensions.m */,
				B2D798001B44AB8B008BF430 /* SRConnectionInterface.h */,
				B2D798011B44AB8B008BF430 /* SRConnectionState.h */,
				B2D798021B44AB8B008BF430 /* SRHeartbeatMonitor.h */,
				B2D798031B44AB8B008BF430 /* SRHeartbeatMonitor.m */,
				B2D798041B44AB8B008BF430 /* SRKeepAliveData.h */,
				B2D798051B44AB8B008BF430 /* SRKeepAliveData.m */,
				B2D798061B44AB8B008BF430 /* SRLog.h */,
				B2D798071B44AB8B008BF430 /* SRNegotiationResponse.h */,
				B2D798081B44AB8B008BF430 /* SRNegotiationResponse.m */,
				B2D798091B44AB8B008BF430 /* Transports */,
			);
			path = SignalR.Client;
			sourceTree = "<group>";
		};
		B2D797DD1B44AB8B008BF430 /* Hubs */ = {
			isa = PBXGroup;
			children = (
				B2D797DE1B44AB8B008BF430 /* SRHubConnection.h */,
				B2D797DF1B44AB8B008BF430 /* SRHubConnection.m */,
				B2D797E01B44AB8B008BF430 /* SRHubConnectionInterface.h */,
				B2D797E11B44AB8B008BF430 /* SRHubInvocation.h */,
				B2D797E21B44AB8B008BF430 /* SRHubInvocation.m */,
				B2D797E31B44AB8B008BF430 /* SRHubProxy.h */,
				B2D797E41B44AB8B008BF430 /* SRHubProxy.m */,
				B2D797E51B44AB8B008BF430 /* SRHubProxyExtensions.h */,
				B2D797E61B44AB8B008BF430 /* SRHubProxyExtensions.m */,
				B2D797E71B44AB8B008BF430 /* SRHubProxyInterface.h */,
				B2D797E81B44AB8B008BF430 /* SRHubRegistrationData.h */,
				B2D797E91B44AB8B008BF430 /* SRHubRegistrationData.m */,
				B2D797EA1B44AB8B008BF430 /* SRHubResult.h */,
				B2D797EB1B44AB8B008BF430 /* SRHubResult.m */,
				B2D797EC1B44AB8B008BF430 /* SRHubs.h */,
				B2D797ED1B44AB8B008BF430 /* SRHubservable.h */,
				B2D797EE1B44AB8B008BF430 /* SRHubservable.m */,
				B2D797EF1B44AB8B008BF430 /* SRSubscription.h */,
				B2D797F01B44AB8B008BF430 /* SRSubscription.m */,
			);
			path = Hubs;
			sourceTree = "<group>";
		};
		B2D797F11B44AB8B008BF430 /* Infrastructure */ = {
			isa = PBXGroup;
			children = (
				B2D797F21B44AB8B008BF430 /* NSObject+SRJSON.h */,
				B2D797F31B44AB8B008BF430 /* NSObject+SRJSON.m */,
				B2D797F41B44AB8B008BF430 /* SRDeserializable.h */,
				B2D797F51B44AB8B008BF430 /* SRExceptionHelper.h */,
				B2D797F61B44AB8B008BF430 /* SRExceptionHelper.m */,
				B2D797F71B44AB8B008BF430 /* SRSerializable.h */,
				B2D797F81B44AB8B008BF430 /* SRVersion.h */,
				B2D797F91B44AB8B008BF430 /* SRVersion.m */,
			);
			path = Infrastructure;
			sourceTree = "<group>";
		};
		B2D798091B44AB8B008BF430 /* Transports */ = {
			isa = PBXGroup;
			children = (
				B2D7980A1B44AB8B008BF430 /* ServerSentEvents */,
				B2D798111B44AB8B008BF430 /* SRAutoTransport.h */,
				B2D798121B44AB8B008BF430 /* SRAutoTransport.m */,
				B2D798131B44AB8B008BF430 /* SRClientTransportInterface.h */,
				B2D798141B44AB8B008BF430 /* SRHttpBasedTransport.h */,
				B2D798151B44AB8B008BF430 /* SRHttpBasedTransport.m */,
				B2D798161B44AB8B008BF430 /* SRLongPollingTransport.h */,
				B2D798171B44AB8B008BF430 /* SRLongPollingTransport.m */,
				B2D798181B44AB8B008BF430 /* SRServerSentEventsTransport.h */,
				B2D798191B44AB8B008BF430 /* SRServerSentEventsTransport.m */,
				B2D7981A1B44AB8B008BF430 /* SRWebSocketTransport.h */,
				B2D7981B1B44AB8B008BF430 /* SRWebSocketTransport.m */,
				B2D7981C1B44AB8B008BF430 /* WebSockets */,
			);
			path = Transports;
			sourceTree = "<group>";
		};
		B2D7980A1B44AB8B008BF430 /* ServerSentEvents */ = {
			isa = PBXGroup;
			children = (
				B2D7980B1B44AB8B008BF430 /* SRChunkBuffer.h */,
				B2D7980C1B44AB8B008BF430 /* SRChunkBuffer.m */,
				B2D7980D1B44AB8B008BF430 /* SREventSourceStreamReader.h */,
				B2D7980E1B44AB8B008BF430 /* SREventSourceStreamReader.m */,
				B2D7980F1B44AB8B008BF430 /* SRServerSentEvent.h */,
				B2D798101B44AB8B008BF430 /* SRServerSentEvent.m */,
			);
			path = ServerSentEvents;
			sourceTree = "<group>";
		};
		B2D7981C1B44AB8B008BF430 /* WebSockets */ = {
			isa = PBXGroup;
			children = (
				B2D7981D1B44AB8B008BF430 /* SRWebSocketConnectionInfo.h */,
				B2D7981E1B44AB8B008BF430 /* SRWebSocketConnectionInfo.m */,
			);
			path = WebSockets;
			sourceTree = "<group>";
		};
		B2D7981F1B44AB8B008BF430 /* SocketRocket */ = {
			isa = PBXGroup;
			children = (
				B2D798201B44AB8B008BF430 /* SocketRocket-Prefix.pch */,
				B2D798211B44AB8B008BF430 /* SRWebSocket.h */,
				B2D798221B44AB8B008BF430 /* SRWebSocket.m */,
			);
			path = SocketRocket;
			sourceTree = "<group>";
		};
		B2D7987F1B44B42B008BF430 /* Trips */ = {
			isa = PBXGroup;
			children = (
				B2D798801B44B43A008BF430 /* Trips.storyboard */,
				B28608DD1B45C2A40043DBA4 /* TripsTableViewController.h */,
				B28608DE1B45C2A40043DBA4 /* TripsTableViewController.m */,
				B28608E01B45DED80043DBA4 /* TripTableViewCell.h */,
				B28608E11B45DED80043DBA4 /* TripTableViewCell.m */,
				B28608E51B45E4950043DBA4 /* VehicleViewController.h */,
				B28608E61B45E4950043DBA4 /* VehicleViewController.m */,
			);
			name = Trips;
			sourceTree = "<group>";
		};
		B2D798821B44EDFB008BF430 /* Mojio */ = {
			isa = PBXGroup;
			children = (
				B2D798831B44F04F008BF430 /* MyFirstMojioAppManager.h */,
				B2D798841B44F04F008BF430 /* MyFirstMojioAppManager.m */,
			);
			name = Mojio;
			sourceTree = "<group>";
		};
		B2FA1EB21B45A44900DF87F8 /* Login */ = {
			isa = PBXGroup;
			children = (
				B2FA1EB31B45A46100DF87F8 /* Login.storyboard */,
				B28608DA1B45A7540043DBA4 /* LoginViewController.h */,
				B28608DB1B45A7540043DBA4 /* LoginViewController.m */,
			);
			name = Login;
			sourceTree = "<group>";
		};
		C066A20FA03654760A59C341 /* Frameworks */ = {
			isa = PBXGroup;
			children = (
				B28608E31B45E2D20043DBA4 /* MapKit.framework */,
				B2D7987A1B44AC8D008BF430 /* CFNetwork.framework */,
				B2D798781B44AC80008BF430 /* Foundation.framework */,
				B2D798761B44AC7A008BF430 /* Security.framework */,
				B2D798741B44AC71008BF430 /* libicucore.dylib */,
				CED861E3D3BFEC02B43E08BE /* libPods.a */,
			);
			name = Frameworks;
			sourceTree = "<group>";
		};
/* End PBXGroup section */

/* Begin PBXNativeTarget section */
		B2D797401B44AB54008BF430 /* myFirstMojioApp */ = {
			isa = PBXNativeTarget;
			buildConfigurationList = B2D797641B44AB54008BF430 /* Build configuration list for PBXNativeTarget "myFirstMojioApp" */;
			buildPhases = (
				94BC0B8BCB54FA99B44BC014 /* Check Pods Manifest.lock */,
				B2D7973D1B44AB54008BF430 /* Sources */,
				B2D7973E1B44AB54008BF430 /* Frameworks */,
				B2D7973F1B44AB54008BF430 /* Resources */,
				65173F7C2AFFDC740E279DC9 /* Copy Pods Resources */,
			);
			buildRules = (
			);
			dependencies = (
			);
			name = myFirstMojioApp;
			productName = myFirstMojioApp;
			productReference = B2D797411B44AB54008BF430 /* myFirstMojioApp.app */;
			productType = "com.apple.product-type.application";
		};
		B2D797591B44AB54008BF430 /* myFirstMojioAppTests */ = {
			isa = PBXNativeTarget;
			buildConfigurationList = B2D797671B44AB54008BF430 /* Build configuration list for PBXNativeTarget "myFirstMojioAppTests" */;
			buildPhases = (
				B2D797561B44AB54008BF430 /* Sources */,
				B2D797571B44AB54008BF430 /* Frameworks */,
				B2D797581B44AB54008BF430 /* Resources */,
			);
			buildRules = (
			);
			dependencies = (
				B2D7975C1B44AB54008BF430 /* PBXTargetDependency */,
			);
			name = myFirstMojioAppTests;
			productName = myFirstMojioAppTests;
			productReference = B2D7975A1B44AB54008BF430 /* myFirstMojioAppTests.xctest */;
			productType = "com.apple.product-type.bundle.unit-test";
		};
/* End PBXNativeTarget section */

/* Begin PBXProject section */
		B2D797391B44AB54008BF430 /* Project object */ = {
			isa = PBXProject;
			attributes = {
				LastUpgradeCheck = 0630;
				ORGANIZATIONNAME = "Ye Ma";
				TargetAttributes = {
					B2D797401B44AB54008BF430 = {
						CreatedOnToolsVersion = 6.3.2;
					};
					B2D797591B44AB54008BF430 = {
						CreatedOnToolsVersion = 6.3.2;
						TestTargetID = B2D797401B44AB54008BF430;
					};
				};
			};
			buildConfigurationList = B2D7973C1B44AB54008BF430 /* Build configuration list for PBXProject "myFirstMojioApp" */;
			compatibilityVersion = "Xcode 3.2";
			developmentRegion = English;
			hasScannedForEncodings = 0;
			knownRegions = (
				en,
				Base,
			);
			mainGroup = B2D797381B44AB54008BF430;
			productRefGroup = B2D797421B44AB54008BF430 /* Products */;
			projectDirPath = "";
			projectRoot = "";
			targets = (
				B2D797401B44AB54008BF430 /* myFirstMojioApp */,
				B2D797591B44AB54008BF430 /* myFirstMojioAppTests */,
			);
		};
/* End PBXProject section */

/* Begin PBXResourcesBuildPhase section */
		B2D7973F1B44AB54008BF430 /* Resources */ = {
			isa = PBXResourcesBuildPhase;
			buildActionMask = 2147483647;
			files = (
				B2D797501B44AB54008BF430 /* Main.storyboard in Resources */,
				B2FA1EB41B45A46100DF87F8 /* Login.storyboard in Resources */,
				B2D798811B44B43A008BF430 /* Trips.storyboard in Resources */,
				B2D797551B44AB54008BF430 /* LaunchScreen.xib in Resources */,
				B2D797521B44AB54008BF430 /* Images.xcassets in Resources */,
			);
			runOnlyForDeploymentPostprocessing = 0;
		};
		B2D797581B44AB54008BF430 /* Resources */ = {
			isa = PBXResourcesBuildPhase;
			buildActionMask = 2147483647;
			files = (
			);
			runOnlyForDeploymentPostprocessing = 0;
		};
/* End PBXResourcesBuildPhase section */

/* Begin PBXShellScriptBuildPhase section */
		65173F7C2AFFDC740E279DC9 /* Copy Pods Resources */ = {
			isa = PBXShellScriptBuildPhase;
			buildActionMask = 2147483647;
			files = (
			);
			inputPaths = (
			);
			name = "Copy Pods Resources";
			outputPaths = (
			);
			runOnlyForDeploymentPostprocessing = 0;
			shellPath = /bin/sh;
			shellScript = "\"${SRCROOT}/Pods/Target Support Files/Pods/Pods-resources.sh\"\n";
			showEnvVarsInLog = 0;
		};
		94BC0B8BCB54FA99B44BC014 /* Check Pods Manifest.lock */ = {
			isa = PBXShellScriptBuildPhase;
			buildActionMask = 2147483647;
			files = (
			);
			inputPaths = (
			);
			name = "Check Pods Manifest.lock";
			outputPaths = (
			);
			runOnlyForDeploymentPostprocessing = 0;
			shellPath = /bin/sh;
			shellScript = "diff \"${PODS_ROOT}/../Podfile.lock\" \"${PODS_ROOT}/Manifest.lock\" > /dev/null\nif [[ $? != 0 ]] ; then\n    cat << EOM\nerror: The sandbox is not in sync with the Podfile.lock. Run 'pod install' or update your CocoaPods installation.\nEOM\n    exit 1\nfi\n";
			showEnvVarsInLog = 0;
		};
/* End PBXShellScriptBuildPhase section */

/* Begin PBXSourcesBuildPhase section */
		B2D7973D1B44AB54008BF430 /* Sources */ = {
			isa = PBXSourcesBuildPhase;
			buildActionMask = 2147483647;
			files = (
				B2ADF44B1B472AA700159107 /* CrumbPath.m in Sources */,
				B28608E21B45DED80043DBA4 /* TripTableViewCell.m in Sources */,
				B2D798531B44AB8B008BF430 /* ScriptObserver.m in Sources */,
				B2D798341B44AB8B008BF430 /* Product.m in Sources */,
				B2D7982A1B44AB8B008BF430 /* DTC.m in Sources */,
				B2D798511B44AB8B008BF430 /* OdometerObserver.m in Sources */,
				B2D798551B44AB8B008BF430 /* SmoothMojioObserver.m in Sources */,
				B2D798281B44AB8B008BF430 /* Developer.m in Sources */,
				B28608E71B45E4950043DBA4 /* VehicleViewController.m in Sources */,
				B2D7983A1B44AB8B008BF430 /* Transmission.m in Sources */,
				B2D7984B1B44AB8B008BF430 /* GeoFenceObserver.m in Sources */,
				B2D7982C1B44AB8B008BF430 /* Entity.m in Sources */,
				B2D798651B44AB8B008BF430 /* SRConnection.m in Sources */,
				B2D798311B44AB8B008BF430 /* Location.m in Sources */,
				B2D798671B44AB8B008BF430 /* SRHeartbeatMonitor.m in Sources */,
				B2D798611B44AB8B008BF430 /* SRSubscription.m in Sources */,
				B2D798351B44AB8B008BF430 /* Recall.m in Sources */,
				B2D7983E1B44AB8B008BF430 /* VehicleDetails.m in Sources */,
				B2D798381B44AB8B008BF430 /* Storage.m in Sources */,
				B2D7984D1B44AB8B008BF430 /* ObservableAttribute.m in Sources */,
				B2D798421B44AB8B008BF430 /* AccelerometerObserver.m in Sources */,
				B2D7982F1B44AB8B008BF430 /* ImageSize.m in Sources */,
				B28608DC1B45A7540043DBA4 /* LoginViewController.m in Sources */,
				B2D798561B44AB8B008BF430 /* SmoothObserverBase.m in Sources */,
				B2D798411B44AB8B008BF430 /* AccelerationObserver.m in Sources */,
				B2D7985A1B44AB8B008BF430 /* SRHubConnection.m in Sources */,
				B2D7986E1B44AB8B008BF430 /* SRHttpBasedTransport.m in Sources */,
				B2D7984E1B44AB8B008BF430 /* Observer.m in Sources */,
				B2D798501B44AB8B008BF430 /* ObserverType.m in Sources */,
				B2D7985E1B44AB8B008BF430 /* SRHubRegistrationData.m in Sources */,
				B2D798231B44AB8B008BF430 /* Accelerometer.m in Sources */,
				B2D7985C1B44AB8B008BF430 /* SRHubProxy.m in Sources */,
				B2D798361B44AB8B008BF430 /* Register.m in Sources */,
				B2D7986A1B44AB8B008BF430 /* SRChunkBuffer.m in Sources */,
				B2D798591B44AB8B008BF430 /* SpeedObserver.m in Sources */,
				B2D798601B44AB8B008BF430 /* SRHubservable.m in Sources */,
				B2D798481B44AB8B008BF430 /* DistanceObserver.m in Sources */,
				B2D798701B44AB8B008BF430 /* SRServerSentEventsTransport.m in Sources */,
				B2D798571B44AB8B008BF430 /* SmoothTripObserver.m in Sources */,
				B2D798541B44AB8B008BF430 /* SmoothChunkingMojioObserver.m in Sources */,
				B2D7984F1B44AB8B008BF430 /* ObserverToken.m in Sources */,
				B2D798301B44AB8B008BF430 /* Invoice.m in Sources */,
				B2D798631B44AB8B008BF430 /* SRExceptionHelper.m in Sources */,
				B2D798851B44F04F008BF430 /* MyFirstMojioAppManager.m in Sources */,
				B2D7974A1B44AB54008BF430 /* AppDelegate.m in Sources */,
				B2D798461B44AB8B008BF430 /* ConditionalObserverBase.m in Sources */,
				B2D7983D1B44AB8B008BF430 /* Vehicle.m in Sources */,
				B2D7986F1B44AB8B008BF430 /* SRLongPollingTransport.m in Sources */,
				B2D798491B44AB8B008BF430 /* EventObserver.m in Sources */,
				B2D798691B44AB8B008BF430 /* SRNegotiationResponse.m in Sources */,
				B2D7984A1B44AB8B008BF430 /* FuelLevelObserver.m in Sources */,
				B2D798371B44AB8B008BF430 /* ServiceBulletin.m in Sources */,
				B2D7986B1B44AB8B008BF430 /* SREventSourceStreamReader.m in Sources */,
				B2D7985D1B44AB8B008BF430 /* SRHubProxyExtensions.m in Sources */,
				B2D7982D1B44AB8B008BF430 /* Event.m in Sources */,
				B2D7983B1B44AB8B008BF430 /* Trip.m in Sources */,
				B2D798581B44AB8B008BF430 /* SmoothVehicleObserver.m in Sources */,
				B2D798621B44AB8B008BF430 /* NSObject+SRJSON.m in Sources */,
				B2D7982B1B44AB8B008BF430 /* Engine.m in Sources */,
				B2D7985F1B44AB8B008BF430 /* SRHubResult.m in Sources */,
				B2D798661B44AB8B008BF430 /* SRConnectionExtensions.m in Sources */,
				B2D798451B44AB8B008BF430 /* ConditionalObserver.m in Sources */,
				B2D798711B44AB8B008BF430 /* SRWebSocketTransport.m in Sources */,
				B2D798251B44AB8B008BF430 /* App.m in Sources */,
				B2D798731B44AB8B008BF430 /* SRWebSocket.m in Sources */,
				B2D798391B44AB8B008BF430 /* Token.m in Sources */,
				B2D798291B44AB8B008BF430 /* DiagnosticCodes.m in Sources */,
				B2ADF44C1B472AA700159107 /* CrumbPathRenderer.m in Sources */,
				B2D798441B44AB8B008BF430 /* BatteryVoltageObserver.m in Sources */,
				B2D7986D1B44AB8B008BF430 /* SRAutoTransport.m in Sources */,
				B2D798721B44AB8B008BF430 /* SRWebSocketConnectionInfo.m in Sources */,
				B2D7986C1B44AB8B008BF430 /* SRServerSentEvent.m in Sources */,
				B2D798431B44AB8B008BF430 /* AltitudeObserver.m in Sources */,
				B2D798271B44AB8B008BF430 /* CarState.m in Sources */,
				B2D7984C1B44AB8B008BF430 /* HeadingObserver.m in Sources */,
				B2D798241B44AB8B008BF430 /* Address.m in Sources */,
				B2D798641B44AB8B008BF430 /* SRVersion.m in Sources */,
				B28608DF1B45C2A40043DBA4 /* TripsTableViewController.m in Sources */,
				B2D798321B44AB8B008BF430 /* Mojio.m in Sources */,
				B2D7983C1B44AB8B008BF430 /* User.m in Sources */,
				B2D7982E1B44AB8B008BF430 /* EventBroadcast.m in Sources */,
				B2D798681B44AB8B008BF430 /* SRKeepAliveData.m in Sources */,
				B2D797471B44AB54008BF430 /* main.m in Sources */,
				B2D798471B44AB8B008BF430 /* DiagnosticCodeObserver.m in Sources */,
				B2D7983F1B44AB8B008BF430 /* Warranty.m in Sources */,
				B2D798521B44AB8B008BF430 /* RPMObserver.m in Sources */,
				B2D798401B44AB8B008BF430 /* MojioClient.m in Sources */,
				B2D798261B44AB8B008BF430 /* AuthenticationProvider.m in Sources */,
				B2D7985B1B44AB8B008BF430 /* SRHubInvocation.m in Sources */,
				B2D798331B44AB8B008BF430 /* MojioResponse.m in Sources */,
			);
			runOnlyForDeploymentPostprocessing = 0;
		};
		B2D797561B44AB54008BF430 /* Sources */ = {
			isa = PBXSourcesBuildPhase;
			buildActionMask = 2147483647;
			files = (
				B2D797611B44AB54008BF430 /* myFirstMojioAppTests.m in Sources */,
			);
			runOnlyForDeploymentPostprocessing = 0;
		};
/* End PBXSourcesBuildPhase section */

/* Begin PBXTargetDependency section */
		B2D7975C1B44AB54008BF430 /* PBXTargetDependency */ = {
			isa = PBXTargetDependency;
			target = B2D797401B44AB54008BF430 /* myFirstMojioApp */;
			targetProxy = B2D7975B1B44AB54008BF430 /* PBXContainerItemProxy */;
		};
/* End PBXTargetDependency section */

/* Begin PBXVariantGroup section */
		B2D7974E1B44AB54008BF430 /* Main.storyboard */ = {
			isa = PBXVariantGroup;
			children = (
				B2D7974F1B44AB54008BF430 /* Base */,
			);
			name = Main.storyboard;
			sourceTree = "<group>";
		};
		B2D797531B44AB54008BF430 /* LaunchScreen.xib */ = {
			isa = PBXVariantGroup;
			children = (
				B2D797541B44AB54008BF430 /* Base */,
			);
			name = LaunchScreen.xib;
			sourceTree = "<group>";
		};
/* End PBXVariantGroup section */

/* Begin XCBuildConfiguration section */
		B2D797621B44AB54008BF430 /* Debug */ = {
			isa = XCBuildConfiguration;
			buildSettings = {
				ALWAYS_SEARCH_USER_PATHS = NO;
				CLANG_CXX_LANGUAGE_STANDARD = "gnu++0x";
				CLANG_CXX_LIBRARY = "libc++";
				CLANG_ENABLE_MODULES = YES;
				CLANG_ENABLE_OBJC_ARC = YES;
				CLANG_WARN_BOOL_CONVERSION = YES;
				CLANG_WARN_CONSTANT_CONVERSION = YES;
				CLANG_WARN_DIRECT_OBJC_ISA_USAGE = YES_ERROR;
				CLANG_WARN_EMPTY_BODY = YES;
				CLANG_WARN_ENUM_CONVERSION = YES;
				CLANG_WARN_INT_CONVERSION = YES;
				CLANG_WARN_OBJC_ROOT_CLASS = YES_ERROR;
				CLANG_WARN_UNREACHABLE_CODE = YES;
				CLANG_WARN__DUPLICATE_METHOD_MATCH = YES;
				"CODE_SIGN_IDENTITY[sdk=iphoneos*]" = "iPhone Developer";
				COPY_PHASE_STRIP = NO;
				DEBUG_INFORMATION_FORMAT = "dwarf-with-dsym";
				ENABLE_STRICT_OBJC_MSGSEND = YES;
				GCC_C_LANGUAGE_STANDARD = gnu99;
				GCC_DYNAMIC_NO_PIC = NO;
				GCC_NO_COMMON_BLOCKS = YES;
				GCC_OPTIMIZATION_LEVEL = 0;
				GCC_PREPROCESSOR_DEFINITIONS = (
					"DEBUG=1",
					"$(inherited)",
				);
				GCC_SYMBOLS_PRIVATE_EXTERN = NO;
				GCC_WARN_64_TO_32_BIT_CONVERSION = YES;
				GCC_WARN_ABOUT_RETURN_TYPE = YES_ERROR;
				GCC_WARN_UNDECLARED_SELECTOR = YES;
				GCC_WARN_UNINITIALIZED_AUTOS = YES_AGGRESSIVE;
				GCC_WARN_UNUSED_FUNCTION = YES;
				GCC_WARN_UNUSED_VARIABLE = YES;
				IPHONEOS_DEPLOYMENT_TARGET = 8.3;
				MTL_ENABLE_DEBUG_INFO = YES;
				ONLY_ACTIVE_ARCH = YES;
				SDKROOT = iphoneos;
			};
			name = Debug;
		};
		B2D797631B44AB54008BF430 /* Release */ = {
			isa = XCBuildConfiguration;
			buildSettings = {
				ALWAYS_SEARCH_USER_PATHS = NO;
				CLANG_CXX_LANGUAGE_STANDARD = "gnu++0x";
				CLANG_CXX_LIBRARY = "libc++";
				CLANG_ENABLE_MODULES = YES;
				CLANG_ENABLE_OBJC_ARC = YES;
				CLANG_WARN_BOOL_CONVERSION = YES;
				CLANG_WARN_CONSTANT_CONVERSION = YES;
				CLANG_WARN_DIRECT_OBJC_ISA_USAGE = YES_ERROR;
				CLANG_WARN_EMPTY_BODY = YES;
				CLANG_WARN_ENUM_CONVERSION = YES;
				CLANG_WARN_INT_CONVERSION = YES;
				CLANG_WARN_OBJC_ROOT_CLASS = YES_ERROR;
				CLANG_WARN_UNREACHABLE_CODE = YES;
				CLANG_WARN__DUPLICATE_METHOD_MATCH = YES;
				"CODE_SIGN_IDENTITY[sdk=iphoneos*]" = "iPhone Developer";
				COPY_PHASE_STRIP = NO;
				DEBUG_INFORMATION_FORMAT = "dwarf-with-dsym";
				ENABLE_NS_ASSERTIONS = NO;
				ENABLE_STRICT_OBJC_MSGSEND = YES;
				GCC_C_LANGUAGE_STANDARD = gnu99;
				GCC_NO_COMMON_BLOCKS = YES;
				GCC_WARN_64_TO_32_BIT_CONVERSION = YES;
				GCC_WARN_ABOUT_RETURN_TYPE = YES_ERROR;
				GCC_WARN_UNDECLARED_SELECTOR = YES;
				GCC_WARN_UNINITIALIZED_AUTOS = YES_AGGRESSIVE;
				GCC_WARN_UNUSED_FUNCTION = YES;
				GCC_WARN_UNUSED_VARIABLE = YES;
				IPHONEOS_DEPLOYMENT_TARGET = 8.3;
				MTL_ENABLE_DEBUG_INFO = NO;
				SDKROOT = iphoneos;
				VALIDATE_PRODUCT = YES;
			};
			name = Release;
		};
		B2D797651B44AB54008BF430 /* Debug */ = {
			isa = XCBuildConfiguration;
			baseConfigurationReference = 0266528393B6FC270FA531E7 /* Pods.debug.xcconfig */;
			buildSettings = {
				ASSETCATALOG_COMPILER_APPICON_NAME = AppIcon;
				INFOPLIST_FILE = myFirstMojioApp/Info.plist;
				LD_RUNPATH_SEARCH_PATHS = "$(inherited) @executable_path/Frameworks";
				PRODUCT_NAME = "$(TARGET_NAME)";
			};
			name = Debug;
		};
		B2D797661B44AB54008BF430 /* Release */ = {
			isa = XCBuildConfiguration;
			baseConfigurationReference = 1B8FF052DF3148DC8DF64F1A /* Pods.release.xcconfig */;
			buildSettings = {
				ASSETCATALOG_COMPILER_APPICON_NAME = AppIcon;
				INFOPLIST_FILE = myFirstMojioApp/Info.plist;
				LD_RUNPATH_SEARCH_PATHS = "$(inherited) @executable_path/Frameworks";
				PRODUCT_NAME = "$(TARGET_NAME)";
			};
			name = Release;
		};
		B2D797681B44AB54008BF430 /* Debug */ = {
			isa = XCBuildConfiguration;
			buildSettings = {
				BUNDLE_LOADER = "$(TEST_HOST)";
				FRAMEWORK_SEARCH_PATHS = (
					"$(SDKROOT)/Developer/Library/Frameworks",
					"$(inherited)",
				);
				GCC_PREPROCESSOR_DEFINITIONS = (
					"DEBUG=1",
					"$(inherited)",
				);
				INFOPLIST_FILE = myFirstMojioAppTests/Info.plist;
				LD_RUNPATH_SEARCH_PATHS = "$(inherited) @executable_path/Frameworks @loader_path/Frameworks";
				PRODUCT_NAME = "$(TARGET_NAME)";
				TEST_HOST = "$(BUILT_PRODUCTS_DIR)/myFirstMojioApp.app/myFirstMojioApp";
			};
			name = Debug;
		};
		B2D797691B44AB54008BF430 /* Release */ = {
			isa = XCBuildConfiguration;
			buildSettings = {
				BUNDLE_LOADER = "$(TEST_HOST)";
				FRAMEWORK_SEARCH_PATHS = (
					"$(SDKROOT)/Developer/Library/Frameworks",
					"$(inherited)",
				);
				INFOPLIST_FILE = myFirstMojioAppTests/Info.plist;
				LD_RUNPATH_SEARCH_PATHS = "$(inherited) @executable_path/Frameworks @loader_path/Frameworks";
				PRODUCT_NAME = "$(TARGET_NAME)";
				TEST_HOST = "$(BUILT_PRODUCTS_DIR)/myFirstMojioApp.app/myFirstMojioApp";
			};
			name = Release;
		};
/* End XCBuildConfiguration section */

/* Begin XCConfigurationList section */
		B2D7973C1B44AB54008BF430 /* Build configuration list for PBXProject "myFirstMojioApp" */ = {
			isa = XCConfigurationList;
			buildConfigurations = (
				B2D797621B44AB54008BF430 /* Debug */,
				B2D797631B44AB54008BF430 /* Release */,
			);
			defaultConfigurationIsVisible = 0;
			defaultConfigurationName = Release;
		};
		B2D797641B44AB54008BF430 /* Build configuration list for PBXNativeTarget "myFirstMojioApp" */ = {
			isa = XCConfigurationList;
			buildConfigurations = (
				B2D797651B44AB54008BF430 /* Debug */,
				B2D797661B44AB54008BF430 /* Release */,
			);
			defaultConfigurationIsVisible = 0;
			defaultConfigurationName = Release;
		};
		B2D797671B44AB54008BF430 /* Build configuration list for PBXNativeTarget "myFirstMojioAppTests" */ = {
			isa = XCConfigurationList;
			buildConfigurations = (
				B2D797681B44AB54008BF430 /* Debug */,
				B2D797691B44AB54008BF430 /* Release */,
			);
			defaultConfigurationIsVisible = 0;
			defaultConfigurationName = Release;
		};
/* End XCConfigurationList section */
	};
	rootObject = B2D797391B44AB54008BF430 /* Project object */;
}
